{
	"name": "@contember/client",
	"version": "0.5.36",
	"lockfileVersion": 1,
	"requires": true,
	"dependencies": {
		"@contember/schema": {
			"version": "0.9.2",
			"resolved": "https://verdaccio.mgw.cz/@contember%2fschema/-/schema-0.9.2.tgz",
			"integrity": "sha512-X8g5bGIVwIqwpKiKYBKjfDjEdTPhQtjB7a6Jl5GxQ0pvs42D4/I5uYitnti826qaSwJwxhwt6D2TU8iCz4UXNQ=="
		}
	}
}
