{
	"name": "@contember/client",
	"version": "0.5.23",
	"lockfileVersion": 1,
	"requires": true,
	"dependencies": {
		"@contember/schema": {
			"version": "0.8.3",
			"resolved": "https://verdaccio.mgw.cz/@contember%2fschema/-/schema-0.8.3.tgz",
			"integrity": "sha512-3MVDP1E7F3ayVHb7hQ1NLb9vd42tfmg0ZVomzSiTdy4oGJW0smcus8AE43kP7xszvZjR3b74WScP0UyXqJVs0Q=="
		}
	}
}
