{
	"name": "@contember/admin-server",
	"version": "0.6.25",
	"lockfileVersion": 1,
	"requires": true,
	"dependencies": {
		"@types/accepts": {
			"version": "1.3.5",
			"resolved": "https://registry.npmjs.org/@types/accepts/-/accepts-1.3.5.tgz",
			"integrity": "sha512-jOdnI/3qTpHABjM5cx1Hc0sKsPoYCp+DP/GJRGtDlPd7fiV9oXGGIcjW/ZOxLIvjGz8MA+uMZI9metHlgqbgwQ==",
			"dev": true,
			"requires": {
				"@types/node": "*"
			}
		},
		"@types/body-parser": {
			"version": "1.19.0",
			"resolved": "https://registry.npmjs.org/@types/body-parser/-/body-parser-1.19.0.tgz",
			"integrity": "sha512-W98JrE0j2K78swW4ukqMleo8R7h/pFETjM2DQ90MF6XK2i4LO4W3gQ71Lt4w3bfm2EvVSyWHplECvB5sK22yFQ==",
			"dev": true,
			"requires": {
				"@types/connect": "*",
				"@types/node": "*"
			}
		},
		"@types/connect": {
			"version": "3.4.33",
			"resolved": "https://registry.npmjs.org/@types/connect/-/connect-3.4.33.tgz",
			"integrity": "sha512-2+FrkXY4zllzTNfJth7jOqEHC+enpLeGslEhpnTAkg21GkRrWV4SsAtqchtT4YS9/nODBU2/ZfsBY2X4J/dX7A==",
			"dev": true,
			"requires": {
				"@types/node": "*"
			}
		},
		"@types/cookies": {
			"version": "0.7.4",
			"resolved": "https://registry.npmjs.org/@types/cookies/-/cookies-0.7.4.tgz",
			"integrity": "sha512-oTGtMzZZAVuEjTwCjIh8T8FrC8n/uwy+PG0yTvQcdZ7etoel7C7/3MSd7qrukENTgQtotG7gvBlBojuVs7X5rw==",
			"dev": true,
			"requires": {
				"@types/connect": "*",
				"@types/express": "*",
				"@types/keygrip": "*",
				"@types/node": "*"
			}
		},
		"@types/express": {
			"version": "4.17.8",
			"resolved": "https://registry.npmjs.org/@types/express/-/express-4.17.8.tgz",
			"integrity": "sha512-wLhcKh3PMlyA2cNAB9sjM1BntnhPMiM0JOBwPBqttjHev2428MLEB4AYVN+d8s2iyCVZac+o41Pflm/ZH5vLXQ==",
			"dev": true,
			"requires": {
				"@types/body-parser": "*",
				"@types/express-serve-static-core": "*",
				"@types/qs": "*",
				"@types/serve-static": "*"
			}
		},
		"@types/express-serve-static-core": {
			"version": "4.17.12",
			"resolved": "https://registry.npmjs.org/@types/express-serve-static-core/-/express-serve-static-core-4.17.12.tgz",
			"integrity": "sha512-EaEdY+Dty1jEU7U6J4CUWwxL+hyEGMkO5jan5gplfegUgCUsIUWqXxqw47uGjimeT4Qgkz/XUfwoau08+fgvKA==",
			"dev": true,
			"requires": {
				"@types/node": "*",
				"@types/qs": "*",
				"@types/range-parser": "*"
			}
		},
		"@types/http-assert": {
			"version": "1.5.1",
			"resolved": "https://registry.npmjs.org/@types/http-assert/-/http-assert-1.5.1.tgz",
			"integrity": "sha512-PGAK759pxyfXE78NbKxyfRcWYA/KwW17X290cNev/qAsn9eQIxkH4shoNBafH37wewhDG/0p1cHPbK6+SzZjWQ==",
			"dev": true
		},
		"@types/keygrip": {
			"version": "1.0.2",
			"resolved": "https://registry.npmjs.org/@types/keygrip/-/keygrip-1.0.2.tgz",
			"integrity": "sha512-GJhpTepz2udxGexqos8wgaBx4I/zWIDPh/KOGEwAqtuGDkOUJu5eFvwmdBX4AmB8Odsr+9pHCQqiAqDL/yKMKw==",
			"dev": true
		},
		"@types/koa": {
			"version": "2.11.2",
			"resolved": "https://registry.npmjs.org/@types/koa/-/koa-2.11.2.tgz",
			"integrity": "sha512-2UPelagNNW6bnc1I5kIzluCaheXRA9S+NyOdXEFFj9Az7jc15ek5V03kb8OTbb3tdZ5i2BIJObe86PhHvpMolg==",
			"dev": true,
			"requires": {
				"@types/accepts": "*",
				"@types/cookies": "*",
				"@types/http-assert": "*",
				"@types/keygrip": "*",
				"@types/koa-compose": "*",
				"@types/node": "*"
			}
		},
		"@types/koa-compose": {
			"version": "3.2.5",
			"resolved": "https://registry.npmjs.org/@types/koa-compose/-/koa-compose-3.2.5.tgz",
			"integrity": "sha512-B8nG/OoE1ORZqCkBVsup/AKcvjdgoHnfi4pZMn5UwAPCbhk/96xyv284eBYW8JlQbQ7zDmnpFr68I/40mFoIBQ==",
			"dev": true,
			"requires": {
				"@types/koa": "*"
			}
		},
		"@types/koa-send": {
			"version": "4.1.2",
			"resolved": "https://registry.npmjs.org/@types/koa-send/-/koa-send-4.1.2.tgz",
			"integrity": "sha512-rfqKIv9bFds39Jxvsp8o3YJLnEQVPVriYA14AuO2OY65IHh/4UX4U/iMs5L0wATpcRmm1bbe0BNk23TRwx3VQQ==",
			"dev": true,
			"requires": {
				"@types/koa": "*"
			}
		},
		"@types/koa-static": {
			"version": "4.0.0",
			"resolved": "https://registry.npmjs.org/@types/koa-static/-/koa-static-4.0.0.tgz",
			"integrity": "sha512-qjT7JIV79ZQ9MFjrWLvmnrX9St4DFuT2tzSRpkzQHx4QQBrLR04FSZHhoFkrgNgojkTuX2uxshdoThxhIMWVqw==",
			"dev": true,
			"requires": {
				"@types/koa": "*",
				"@types/koa-send": "*"
			}
		},
		"@types/mime": {
			"version": "2.0.3",
			"resolved": "https://registry.npmjs.org/@types/mime/-/mime-2.0.3.tgz",
			"integrity": "sha512-Jus9s4CDbqwocc5pOAnh8ShfrnMcPHuJYzVcSUU7lrh8Ni5HuIqX3oilL86p3dlTrk0LzHRCgA/GQ7uNCw6l2Q==",
			"dev": true
		},
		"@types/node": {
			"version": "14.14.31",
			"resolved": "https://registry.npmjs.org/@types/node/-/node-14.14.31.tgz",
			"integrity": "sha512-vFHy/ezP5qI0rFgJ7aQnjDXwAMrG0KqqIH7tQG5PPv3BWBayOPIQNBjVc/P6hhdZfMx51REc6tfDNXHUio893g==",
			"dev": true
		},
		"@types/qs": {
			"version": "6.9.4",
			"resolved": "https://registry.npmjs.org/@types/qs/-/qs-6.9.4.tgz",
			"integrity": "sha512-+wYo+L6ZF6BMoEjtf8zB2esQsqdV6WsjRK/GP9WOgLPrq87PbNWgIxS76dS5uvl/QXtHGakZmwTznIfcPXcKlQ==",
			"dev": true
		},
		"@types/range-parser": {
			"version": "1.2.3",
			"resolved": "https://registry.npmjs.org/@types/range-parser/-/range-parser-1.2.3.tgz",
			"integrity": "sha512-ewFXqrQHlFsgc09MK5jP5iR7vumV/BYayNC6PgJO2LPe8vrnNFyjQjSppfEngITi0qvfKtzFvgKymGheFM9UOA==",
			"dev": true
		},
		"@types/serve-static": {
			"version": "1.13.5",
			"resolved": "https://registry.npmjs.org/@types/serve-static/-/serve-static-1.13.5.tgz",
			"integrity": "sha512-6M64P58N+OXjU432WoLLBQxbA0LRGBCRm7aAGQJ+SMC1IMl0dgRVi9EFfoDcS2a7Xogygk/eGN94CfwU9UF7UQ==",
			"dev": true,
			"requires": {
				"@types/express-serve-static-core": "*",
				"@types/mime": "*"
			}
		},
		"accepts": {
			"version": "1.3.7",
			"resolved": "https://registry.npmjs.org/accepts/-/accepts-1.3.7.tgz",
			"integrity": "sha512-Il80Qs2WjYlJIBNzNkK6KYqlVMTbZLXgHx2oT0pU/fjRHyEp+PEfEPY0R3WCwAGVOtauxh1hOxNgIf5bv7dQpA==",
			"requires": {
				"mime-types": "~2.1.24",
				"negotiator": "0.6.2"
			}
		},
		"any-promise": {
			"version": "1.3.0",
			"resolved": "https://registry.npmjs.org/any-promise/-/any-promise-1.3.0.tgz",
			"integrity": "sha1-q8av7tzqUugJzcA3au0845Y10X8="
		},
		"cache-content-type": {
			"version": "1.0.1",
			"resolved": "https://registry.npmjs.org/cache-content-type/-/cache-content-type-1.0.1.tgz",
			"integrity": "sha512-IKufZ1o4Ut42YUrZSo8+qnMTrFuKkvyoLXUywKz9GJ5BrhOFGhLdkx9sG4KAnVvbY6kEcSFjLQul+DVmBm2bgA==",
			"requires": {
				"mime-types": "^2.1.18",
				"ylru": "^1.2.0"
			}
		},
		"co": {
			"version": "4.6.0",
			"resolved": "https://registry.npmjs.org/co/-/co-4.6.0.tgz",
			"integrity": "sha1-bqa989hTrlTMuOR7+gvz+QMfsYQ="
		},
		"content-disposition": {
			"version": "0.5.3",
			"resolved": "https://registry.npmjs.org/content-disposition/-/content-disposition-0.5.3.tgz",
			"integrity": "sha512-ExO0774ikEObIAEV9kDo50o+79VCUdEB6n6lzKgGwupcVeRlhrj3qGAfwq8G6uBJjkqLrhT0qEYFcWng8z1z0g==",
			"requires": {
				"safe-buffer": "5.1.2"
			}
		},
		"content-type": {
			"version": "1.0.4",
			"resolved": "https://registry.npmjs.org/content-type/-/content-type-1.0.4.tgz",
			"integrity": "sha512-hIP3EEPs8tB9AT1L+NUqtwOAps4mk2Zob89MWXMHjHWg9milF/j4osnnQLXBCBFBk/tvIG/tUc9mOUJiPBhPXA=="
		},
		"cookies": {
			"version": "0.7.3",
			"resolved": "https://registry.npmjs.org/cookies/-/cookies-0.7.3.tgz",
			"integrity": "sha512-+gixgxYSgQLTaTIilDHAdlNPZDENDQernEMiIcZpYYP14zgHsCt4Ce1FEjFtcp6GefhozebB6orvhAAWx/IS0A==",
			"requires": {
				"depd": "~1.1.2",
				"keygrip": "~1.0.3"
			}
		},
		"debug": {
			"version": "3.1.0",
			"resolved": "https://registry.npmjs.org/debug/-/debug-3.1.0.tgz",
			"integrity": "sha512-OX8XqP7/1a9cqkxYw2yXss15f26NKWBpDXQd0/uK/KPqdQhxbPa994hnzjcE2VqQpDslf55723cKPUOGSmMY3g==",
			"requires": {
				"ms": "2.0.0"
			}
		},
		"deep-equal": {
			"version": "1.0.1",
			"resolved": "https://registry.npmjs.org/deep-equal/-/deep-equal-1.0.1.tgz",
			"integrity": "sha1-9dJgKStmDghO/0zbyfCK0yR0SLU="
		},
		"delegates": {
			"version": "1.0.0",
			"resolved": "https://registry.npmjs.org/delegates/-/delegates-1.0.0.tgz",
			"integrity": "sha1-hMbhWbgZBP3KWaDvRM2HDTElD5o="
		},
		"depd": {
			"version": "1.1.2",
			"resolved": "https://registry.npmjs.org/depd/-/depd-1.1.2.tgz",
			"integrity": "sha1-m81S4UwJd2PnSbJ0xDRu0uVgtak="
		},
		"destroy": {
			"version": "1.0.4",
			"resolved": "https://registry.npmjs.org/destroy/-/destroy-1.0.4.tgz",
			"integrity": "sha1-l4hXRCxEdJ5CBmE+N5RiBYJqvYA="
		},
		"ee-first": {
			"version": "1.1.1",
			"resolved": "https://registry.npmjs.org/ee-first/-/ee-first-1.1.1.tgz",
			"integrity": "sha1-WQxhFWsK4vTwJVcyoViyZrxWsh0="
		},
		"error-inject": {
			"version": "1.0.0",
			"resolved": "https://registry.npmjs.org/error-inject/-/error-inject-1.0.0.tgz",
			"integrity": "sha1-4rPZG1Su1nLzCdlQ0VSFD6EdTzc="
		},
		"escape-html": {
			"version": "1.0.3",
			"resolved": "https://registry.npmjs.org/escape-html/-/escape-html-1.0.3.tgz",
			"integrity": "sha1-Aljq5NPQwJdN4cFpGI7wBR0dGYg="
		},
		"fresh": {
			"version": "0.5.2",
			"resolved": "https://registry.npmjs.org/fresh/-/fresh-0.5.2.tgz",
			"integrity": "sha1-PYyt2Q2XZWn6g1qx+OSyOhBWBac="
		},
		"http-assert": {
			"version": "1.4.1",
			"resolved": "https://registry.npmjs.org/http-assert/-/http-assert-1.4.1.tgz",
			"integrity": "sha512-rdw7q6GTlibqVVbXr0CKelfV5iY8G2HqEUkhSk297BMbSpSL8crXC+9rjKoMcZZEsksX30le6f/4ul4E28gegw==",
			"requires": {
				"deep-equal": "~1.0.1",
				"http-errors": "~1.7.2"
			},
			"dependencies": {
				"http-errors": {
					"version": "1.7.3",
					"resolved": "https://registry.npmjs.org/http-errors/-/http-errors-1.7.3.tgz",
					"integrity": "sha512-ZTTX0MWrsQ2ZAhA1cejAwDLycFsd7I7nVtnkT3Ol0aqodaKW+0CTZDQ1uBv5whptCnc8e8HeRRJxRs0kmm/Qfw==",
					"requires": {
						"depd": "~1.1.2",
						"inherits": "2.0.4",
						"setprototypeof": "1.1.1",
						"statuses": ">= 1.5.0 < 2",
						"toidentifier": "1.0.0"
					}
				}
			}
		},
		"http-errors": {
			"version": "1.8.0",
			"resolved": "https://registry.npmjs.org/http-errors/-/http-errors-1.8.0.tgz",
			"integrity": "sha512-4I8r0C5JDhT5VkvI47QktDW75rNlGVsUf/8hzjCC/wkWI/jdTRmBb9aI7erSG82r1bjKY3F6k28WnsVxB1C73A==",
			"requires": {
				"depd": "~1.1.2",
				"inherits": "2.0.4",
				"setprototypeof": "1.2.0",
				"statuses": ">= 1.5.0 < 2",
				"toidentifier": "1.0.0"
			},
			"dependencies": {
				"setprototypeof": {
					"version": "1.2.0",
					"resolved": "https://registry.npmjs.org/setprototypeof/-/setprototypeof-1.2.0.tgz",
					"integrity": "sha512-E5LDX7Wrp85Kil5bhZv46j8jOeboKq5JMmYM3gVGdGH8xFpPWXUMsNrlODCrkoxMEeNi/XZIwuRvY4XNwYMJpw=="
				}
			}
		},
		"inherits": {
			"version": "2.0.4",
			"resolved": "https://registry.npmjs.org/inherits/-/inherits-2.0.4.tgz",
			"integrity": "sha512-k/vGaX4/Yla3WzyMCvTQOXYeIHvqOKtnqBduzTHpzpQZzAskKMhZ2K+EnBiSM9zGSoIFeMpXKxa4dYeZIQqewQ=="
		},
		"is-generator-function": {
			"version": "1.0.7",
			"resolved": "https://registry.npmjs.org/is-generator-function/-/is-generator-function-1.0.7.tgz",
			"integrity": "sha512-YZc5EwyO4f2kWCax7oegfuSr9mFz1ZvieNYBEjmukLxgXfBUbxAWGVF7GZf0zidYtoBl3WvC07YK0wT76a+Rtw=="
		},
		"keygrip": {
			"version": "1.0.3",
			"resolved": "https://registry.npmjs.org/keygrip/-/keygrip-1.0.3.tgz",
			"integrity": "sha512-/PpesirAIfaklxUzp4Yb7xBper9MwP6hNRA6BGGUFCgbJ+BM5CKBtsoxinNXkLHAr+GXS1/lSlF2rP7cv5Fl+g=="
		},
		"koa": {
			"version": "2.8.1",
			"resolved": "https://registry.npmjs.org/koa/-/koa-2.8.1.tgz",
			"integrity": "sha512-iCgjRkntcVud5amnioi+79r7TPVhKPfCY8UzL9GjyU+nIWTE9xsqyrJ6kib3InT9JYRyUu9Y67i5apCjf997TQ==",
			"requires": {
				"accepts": "^1.3.5",
				"cache-content-type": "^1.0.0",
				"content-disposition": "~0.5.2",
				"content-type": "^1.0.4",
				"cookies": "~0.7.1",
				"debug": "~3.1.0",
				"delegates": "^1.0.0",
				"depd": "^1.1.2",
				"destroy": "^1.0.4",
				"error-inject": "^1.0.0",
				"escape-html": "^1.0.3",
				"fresh": "~0.5.2",
				"http-assert": "^1.3.0",
				"http-errors": "^1.6.3",
				"is-generator-function": "^1.0.7",
				"koa-compose": "^4.1.0",
				"koa-convert": "^1.2.0",
				"koa-is-json": "^1.0.0",
				"on-finished": "^2.3.0",
				"only": "~0.0.2",
				"parseurl": "^1.3.2",
				"statuses": "^1.5.0",
				"type-is": "^1.6.16",
				"vary": "^1.1.2"
			}
		},
		"koa-compose": {
			"version": "4.1.0",
			"resolved": "https://registry.npmjs.org/koa-compose/-/koa-compose-4.1.0.tgz",
			"integrity": "sha512-8ODW8TrDuMYvXRwra/Kh7/rJo9BtOfPc6qO8eAfC80CnCvSjSl0bkRM24X6/XBBEyj0v1nRUQ1LyOy3dbqOWXw=="
		},
		"koa-convert": {
			"version": "1.2.0",
			"resolved": "https://registry.npmjs.org/koa-convert/-/koa-convert-1.2.0.tgz",
			"integrity": "sha1-2kCHXfSd4FOQmNFwC1CCDOvNIdA=",
			"requires": {
				"co": "^4.6.0",
				"koa-compose": "^3.0.0"
			},
			"dependencies": {
				"koa-compose": {
					"version": "3.2.1",
					"resolved": "https://registry.npmjs.org/koa-compose/-/koa-compose-3.2.1.tgz",
					"integrity": "sha1-qFzLQLfZhtjlo0Wzoazo6rz1Tec=",
					"requires": {
						"any-promise": "^1.1.0"
					}
				}
			}
		},
		"koa-is-json": {
			"version": "1.0.0",
			"resolved": "https://registry.npmjs.org/koa-is-json/-/koa-is-json-1.0.0.tgz",
			"integrity": "sha1-JzwH7c3Ljfaiwat9We52SRRR7BQ="
		},
		"koa-send": {
			"version": "5.0.1",
			"resolved": "https://registry.npmjs.org/koa-send/-/koa-send-5.0.1.tgz",
			"integrity": "sha512-tmcyQ/wXXuxpDxyNXv5yNNkdAMdFRqwtegBXUaowiQzUKqJehttS0x2j0eOZDQAyloAth5w6wwBImnFzkUz3pQ==",
			"requires": {
				"debug": "^4.1.1",
				"http-errors": "^1.7.3",
				"resolve-path": "^1.4.0"
			},
			"dependencies": {
				"debug": {
					"version": "4.1.1",
					"resolved": "https://registry.npmjs.org/debug/-/debug-4.1.1.tgz",
					"integrity": "sha512-pYAIzeRo8J6KPEaJ0VWOh5Pzkbw/RetuzehGM7QRRX5he4fPHx2rdKMB256ehJCkX+XRQm16eZLqLNS8RSZXZw==",
					"requires": {
						"ms": "^2.1.1"
					}
				},
				"ms": {
					"version": "2.1.2",
					"resolved": "https://registry.npmjs.org/ms/-/ms-2.1.2.tgz",
					"integrity": "sha512-sGkPx+VjMtmA6MX27oA4FBFELFCZZ4S4XqeGOXCv68tT+jb3vk/RyaKWP0PTKyWtmLSM0b+adUTEvbs1PEaH2w=="
				}
			}
		},
		"koa-static": {
			"version": "5.0.0",
			"resolved": "https://registry.npmjs.org/koa-static/-/koa-static-5.0.0.tgz",
			"integrity": "sha512-UqyYyH5YEXaJrf9S8E23GoJFQZXkBVJ9zYYMPGz919MSX1KuvAcycIuS0ci150HCoPf4XQVhQ84Qf8xRPWxFaQ==",
			"requires": {
				"debug": "^3.1.0",
				"koa-send": "^5.0.0"
			}
		},
		"media-typer": {
			"version": "0.3.0",
			"resolved": "https://registry.npmjs.org/media-typer/-/media-typer-0.3.0.tgz",
			"integrity": "sha1-hxDXrwqmJvj/+hzgAWhUUmMlV0g="
		},
		"mime-db": {
			"version": "1.44.0",
			"resolved": "https://registry.npmjs.org/mime-db/-/mime-db-1.44.0.tgz",
			"integrity": "sha512-/NOTfLrsPBVeH7YtFPgsVWveuL+4SjjYxaQ1xtM1KMFj7HdxlBlxeyNLzhyJVx7r4rZGJAZ/6lkKCitSc/Nmpg=="
		},
		"mime-types": {
			"version": "2.1.27",
			"resolved": "https://registry.npmjs.org/mime-types/-/mime-types-2.1.27.tgz",
			"integrity": "sha512-JIhqnCasI9yD+SsmkquHBxTSEuZdQX5BuQnS2Vc7puQQQ+8yiP5AY5uWhpdv4YL4VM5c6iliiYWPgJ/nJQLp7w==",
			"requires": {
				"mime-db": "1.44.0"
			}
		},
		"ms": {
			"version": "2.0.0",
			"resolved": "https://registry.npmjs.org/ms/-/ms-2.0.0.tgz",
			"integrity": "sha1-VgiurfwAvmwpAd9fmGF4jeDVl8g="
		},
		"negotiator": {
			"version": "0.6.2",
			"resolved": "https://registry.npmjs.org/negotiator/-/negotiator-0.6.2.tgz",
			"integrity": "sha512-hZXc7K2e+PgeI1eDBe/10Ard4ekbfrrqG8Ep+8Jmf4JID2bNg7NvCPOZN+kfF574pFQI7mum2AUqDidoKqcTOw=="
		},
		"on-finished": {
			"version": "2.3.0",
			"resolved": "https://registry.npmjs.org/on-finished/-/on-finished-2.3.0.tgz",
			"integrity": "sha1-IPEzZIGwg811M3mSoWlxqi2QaUc=",
			"requires": {
				"ee-first": "1.1.1"
			}
		},
		"only": {
			"version": "0.0.2",
			"resolved": "https://registry.npmjs.org/only/-/only-0.0.2.tgz",
			"integrity": "sha1-Kv3oTQPlC5qO3EROMGEKcCle37Q="
		},
		"parseurl": {
			"version": "1.3.3",
			"resolved": "https://registry.npmjs.org/parseurl/-/parseurl-1.3.3.tgz",
			"integrity": "sha512-CiyeOxFT/JZyN5m0z9PfXw4SCBJ6Sygz1Dpl0wqjlhDEGGBP1GnsUVEL0p63hoG1fcj3fHynXi9NYO4nWOL+qQ=="
		},
		"path-is-absolute": {
			"version": "1.0.1",
			"resolved": "https://registry.npmjs.org/path-is-absolute/-/path-is-absolute-1.0.1.tgz",
			"integrity": "sha1-F0uSaHNVNP+8es5r9TpanhtcX18="
		},
		"resolve-path": {
			"version": "1.4.0",
			"resolved": "https://registry.npmjs.org/resolve-path/-/resolve-path-1.4.0.tgz",
			"integrity": "sha1-xL2p9e+y/OZSR4c6s2u02DT+Fvc=",
			"requires": {
				"http-errors": "~1.6.2",
				"path-is-absolute": "1.0.1"
			},
			"dependencies": {
				"http-errors": {
					"version": "1.6.3",
					"resolved": "https://registry.npmjs.org/http-errors/-/http-errors-1.6.3.tgz",
					"integrity": "sha1-i1VoC7S+KDoLW/TqLjhYC+HZMg0=",
					"requires": {
						"depd": "~1.1.2",
						"inherits": "2.0.3",
						"setprototypeof": "1.1.0",
						"statuses": ">= 1.4.0 < 2"
					}
				},
				"inherits": {
					"version": "2.0.3",
					"resolved": "https://registry.npmjs.org/inherits/-/inherits-2.0.3.tgz",
					"integrity": "sha1-Yzwsg+PaQqUC9SRmAiSA9CCCYd4="
				},
				"setprototypeof": {
					"version": "1.1.0",
					"resolved": "https://registry.npmjs.org/setprototypeof/-/setprototypeof-1.1.0.tgz",
					"integrity": "sha512-BvE/TwpZX4FXExxOxZyRGQQv651MSwmWKZGqvmPcRIjDqWub67kTKuIMx43cZZrS/cBBzwBcNDWoFxt2XEFIpQ=="
				}
			}
		},
		"safe-buffer": {
			"version": "5.1.2",
			"resolved": "https://registry.npmjs.org/safe-buffer/-/safe-buffer-5.1.2.tgz",
			"integrity": "sha512-Gd2UZBJDkXlY7GbJxfsE8/nvKkUEU1G38c1siN6QP6a9PT9MmHB8GnpscSmMJSoF8LOIrt8ud/wPtojys4G6+g=="
		},
		"setprototypeof": {
			"version": "1.1.1",
			"resolved": "https://registry.npmjs.org/setprototypeof/-/setprototypeof-1.1.1.tgz",
			"integrity": "sha512-JvdAWfbXeIGaZ9cILp38HntZSFSo3mWg6xGcJJsd+d4aRMOqauag1C63dJfDw7OaMYwEbHMOxEZ1lqVRYP2OAw=="
		},
		"statuses": {
			"version": "1.5.0",
			"resolved": "https://registry.npmjs.org/statuses/-/statuses-1.5.0.tgz",
			"integrity": "sha1-Fhx9rBd2Wf2YEfQ3cfqZOBR4Yow="
		},
		"toidentifier": {
			"version": "1.0.0",
			"resolved": "https://registry.npmjs.org/toidentifier/-/toidentifier-1.0.0.tgz",
			"integrity": "sha512-yaOH/Pk/VEhBWWTlhI+qXxDFXlejDGcQipMlyxda9nthulaxLZUNcUqFxokp0vcYnvteJln5FNQDRrxj3YcbVw=="
		},
		"type-is": {
			"version": "1.6.18",
			"resolved": "https://registry.npmjs.org/type-is/-/type-is-1.6.18.tgz",
			"integrity": "sha512-TkRKr9sUTxEH8MdfuCSP7VizJyzRNMjj2J2do2Jr3Kym598JVdEksuzPQCnlFPW4ky9Q+iA+ma9BGm06XQBy8g==",
			"requires": {
				"media-typer": "0.3.0",
				"mime-types": "~2.1.24"
			}
		},
		"vary": {
			"version": "1.1.2",
			"resolved": "https://registry.npmjs.org/vary/-/vary-1.1.2.tgz",
			"integrity": "sha1-IpnwLG3tMNSllhsLn3RSShj2NPw="
		},
		"ylru": {
			"version": "1.2.1",
			"resolved": "https://registry.npmjs.org/ylru/-/ylru-1.2.1.tgz",
			"integrity": "sha512-faQrqNMzcPCHGVC2aaOINk13K+aaBDUPjGWl0teOXywElLjyVAB6Oe2jj62jHYtwsU49jXhScYbvPENK+6zAvQ=="
		}
	}
}
