{
	"name": "@contember/template-instance-with-admin",
	"version": "0.5.6",
	"lockfileVersion": 1,
	"requires": true,
	"dependencies": {
		"@contember/schema": {
			"version": "0.7.2",
			"resolved": "https://verdaccio.mgw.cz/@contember%2fschema/-/schema-0.7.2.tgz",
			"integrity": "sha512-S21KpTvojfDmcLWMruNIwmoDP2dX7S1N/FB49KOs7QEl0XY6QE10vznvo0ei3bIKURaZqt928uyJKIdkEd8PoA=="
		},
		"@contember/schema-definition": {
			"version": "0.4.0",
			"resolved": "https://verdaccio.mgw.cz/@contember%2fschema-definition/-/schema-definition-0.4.0.tgz",
			"integrity": "sha512-0fcVZehS7WO+TanMzTi00nSMnf5zBA5sZcLOK0gnkkV8iP+YJqgHf7omvXZOnHV8UBEGWMuD+wu5igvUYzYofQ==",
			"requires": {
				"@contember/schema": "^0.4.0",
				"@contember/schema-utils": "^0.4.0",
				"reflect-metadata": "^0.1.13"
			},
			"dependencies": {
				"@contember/schema": {
					"version": "0.4.0",
					"resolved": "https://verdaccio.mgw.cz/@contember%2fschema/-/schema-0.4.0.tgz",
					"integrity": "sha512-lmhL4S5F7RMBIGUUaSIKE70nNdy9rvoD3XMgpeScsbupKBHs7tJsK49dh5nYRcHA9b158VvDWVwptqyyiZe4SQ=="
				}
			}
		},
		"@contember/schema-utils": {
			"version": "0.4.0",
			"resolved": "https://verdaccio.mgw.cz/@contember%2fschema-utils/-/schema-utils-0.4.0.tgz",
			"integrity": "sha512-RUnf2mwEIiSWawQw9MG0znGEDHO90bu6dS3/OVkL1Jf4Pvlng5BktGwPO2wP/w37xlf6+ImkvEFbZ7qlfiyFUQ==",
			"requires": {
				"@contember/schema": "^0.4.0"
			},
			"dependencies": {
				"@contember/schema": {
					"version": "0.4.0",
					"resolved": "https://verdaccio.mgw.cz/@contember%2fschema/-/schema-0.4.0.tgz",
					"integrity": "sha512-lmhL4S5F7RMBIGUUaSIKE70nNdy9rvoD3XMgpeScsbupKBHs7tJsK49dh5nYRcHA9b158VvDWVwptqyyiZe4SQ=="
				}
			}
		},
		"js-tokens": {
			"version": "4.0.0",
			"resolved": "https://registry.npmjs.org/js-tokens/-/js-tokens-4.0.0.tgz",
			"integrity": "sha512-RdJUflcE3cUzKiMqQgsCu06FPu9UdIJO0beYbPhHN4k6apgJtifcoCtT9bcxOpYBtpD2kCM6Sbzg4CausW/PKQ=="
		},
		"loose-envify": {
			"version": "1.4.0",
			"resolved": "https://registry.npmjs.org/loose-envify/-/loose-envify-1.4.0.tgz",
			"integrity": "sha512-lyuxPGr/Wfhrlem2CL/UcnUc1zcqKAImBDzukY7Y5F/yQiNdko6+fRLevlw1HgMySw7f611UIY408EtxRSoK3Q==",
			"requires": {
				"js-tokens": "^3.0.0 || ^4.0.0"
			}
		},
		"object-assign": {
			"version": "4.1.1",
			"resolved": "https://registry.npmjs.org/object-assign/-/object-assign-4.1.1.tgz",
			"integrity": "sha1-IQmtx5ZYh8/AXLvUQsrIv7s2CGM="
		},
		"prop-types": {
			"version": "15.7.2",
			"resolved": "https://registry.npmjs.org/prop-types/-/prop-types-15.7.2.tgz",
			"integrity": "sha512-8QQikdH7//R2vurIJSutZ1smHYTcLpRWEOlHnzcWHmBYrOGUysKwSsrC89BCiFj3CbrfJ/nXFdJepOVrY1GCHQ==",
			"requires": {
				"loose-envify": "^1.4.0",
				"object-assign": "^4.1.1",
				"react-is": "^16.8.1"
			}
		},
		"react": {
			"version": "16.13.1",
			"resolved": "https://registry.npmjs.org/react/-/react-16.13.1.tgz",
			"integrity": "sha512-YMZQQq32xHLX0bz5Mnibv1/LHb3Sqzngu7xstSM+vrkE5Kzr9xE0yMByK5kMoTK30YVJE61WfbxIFFvfeDKT1w==",
			"requires": {
				"loose-envify": "^1.1.0",
				"object-assign": "^4.1.1",
				"prop-types": "^15.6.2"
			}
		},
		"react-dom": {
			"version": "16.13.1",
			"resolved": "https://registry.npmjs.org/react-dom/-/react-dom-16.13.1.tgz",
			"integrity": "sha512-81PIMmVLnCNLO/fFOQxdQkvEq/+Hfpv24XNJfpyZhTRfO0QcmQIF/PgCa1zCOj2w1hrn12MFLyaJ/G0+Mxtfag==",
			"requires": {
				"loose-envify": "^1.1.0",
				"object-assign": "^4.1.1",
				"prop-types": "^15.6.2",
				"scheduler": "^0.19.1"
			}
		},
		"react-is": {
			"version": "16.13.0",
			"resolved": "https://registry.npmjs.org/react-is/-/react-is-16.13.0.tgz",
			"integrity": "sha512-GFMtL0vHkiBv9HluwNZTggSn/sCyEt9n02aM0dSAjGGyqyNlAyftYm4phPxdvCigG15JreC5biwxCgTAJZ7yAA=="
		},
		"reflect-metadata": {
			"version": "0.1.13",
			"resolved": "https://registry.npmjs.org/reflect-metadata/-/reflect-metadata-0.1.13.tgz",
			"integrity": "sha512-Ts1Y/anZELhSsjMcU605fU9RE4Oi3p5ORujwbIKXfWa+0Zxs510Qrmrce5/Jowq3cHSZSJqBjypxmHarc+vEWg=="
		},
		"scheduler": {
			"version": "0.19.1",
			"resolved": "https://registry.npmjs.org/scheduler/-/scheduler-0.19.1.tgz",
			"integrity": "sha512-n/zwRWRYSUj0/3g/otKDRPMh6qv2SYMWNq85IEa8iZyAv8od9zDYpGSnpBEjNgcMNq6Scbu5KfIPxNF72R/2EA==",
			"requires": {
				"loose-envify": "^1.1.0",
				"object-assign": "^4.1.1"
			}
		}
	}
}
