{
	"name": "@contember/vimeo-file-uploader",
	"version": "0.5.13",
	"lockfileVersion": 1,
	"requires": true,
	"dependencies": {
		"@babel/code-frame": {
			"version": "7.8.3",
			"resolved": "https://registry.npmjs.org/@babel/code-frame/-/code-frame-7.8.3.tgz",
			"integrity": "sha512-a9gxpmdXtZEInkCSHUJDLHZVBgb1QS0jhss4cPP93EW7s+uC5bikET2twEF3KV+7rDblJcmNvTR7VJejqd2C2g==",
			"dev": true,
			"requires": {
				"@babel/highlight": "^7.8.3"
			}
		},
		"@babel/helper-validator-identifier": {
			"version": "7.9.5",
			"resolved": "https://registry.npmjs.org/@babel/helper-validator-identifier/-/helper-validator-identifier-7.9.5.tgz",
			"integrity": "sha512-/8arLKUFq882w4tWGj9JYzRpAlZgiWUJ+dtteNTDqrRBz9Iguck9Rn3ykuBDoUwh2TO4tSAJlrxDUOXWklJe4g==",
			"dev": true
		},
		"@babel/highlight": {
			"version": "7.9.0",
			"resolved": "https://registry.npmjs.org/@babel/highlight/-/highlight-7.9.0.tgz",
			"integrity": "sha512-lJZPilxX7Op3Nv/2cvFdnlepPXDxi29wxteT57Q965oc5R9v86ztx0jfxVrTcBk8C2kcPkkDa2Z4T3ZsPPVWsQ==",
			"dev": true,
			"requires": {
				"@babel/helper-validator-identifier": "^7.9.0",
				"chalk": "^2.0.0",
				"js-tokens": "^4.0.0"
			}
		},
		"@contember/client": {
			"version": "0.5.10",
			"requires": {
				"@contember/schema": "0.8.3"
			},
			"dependencies": {
				"@contember/schema": {
					"version": "0.8.3",
					"resolved": "https://verdaccio.mgw.cz/@contember%2fschema/-/schema-0.8.3.tgz",
					"integrity": "sha512-3MVDP1E7F3ayVHb7hQ1NLb9vd42tfmg0ZVomzSiTdy4oGJW0smcus8AE43kP7xszvZjR3b74WScP0UyXqJVs0Q=="
				},
				"@types/estree": {
					"version": "0.0.42",
					"resolved": "https://registry.npmjs.org/@types/estree/-/estree-0.0.42.tgz",
					"integrity": "sha512-K1DPVvnBCPxzD+G51/cxVIoc2X8uUVl1zpJeE6iKcgHMj4+tbat5Xu4TjV7v2QSDbIeAfLi2hIk+u2+s0MlpUQ=="
				},
				"@types/jasmine": {
					"version": "3.4.6",
					"resolved": "https://registry.npmjs.org/@types/jasmine/-/jasmine-3.4.6.tgz",
					"integrity": "sha512-hpQHs+lmZ0uuCrGyqypdI1Ho7jRFolOBT6OkNdZPFziLSSEKvWu+VxWU6bGdNEA/hoV4jV8pdDeNx8EWlmfNAw=="
				},
				"@types/node": {
					"version": "13.9.0",
					"resolved": "https://registry.npmjs.org/@types/node/-/node-13.9.0.tgz",
					"integrity": "sha512-0ARSQootUG1RljH2HncpsY2TJBfGQIKOOi7kxzUY6z54ePu/ZD+wJA8zI2Q6v8rol2qpG/rvqsReco8zNMPvhQ=="
				},
				"@types/resolve": {
					"version": "0.0.8",
					"resolved": "https://registry.npmjs.org/@types/resolve/-/resolve-0.0.8.tgz",
					"integrity": "sha512-auApPaJf3NPfe18hSoJkp8EbZzer2ISk7o8mCC3M9he/a04+gbMF97NkpD2S8riMGvm4BMRI59/SZQSaLTKpsQ==",
					"requires": {
						"@types/node": "*"
					}
				},
				"acorn": {
					"version": "7.1.1",
					"resolved": "https://registry.npmjs.org/acorn/-/acorn-7.1.1.tgz",
					"integrity": "sha512-add7dgA5ppRPxCFJoAGfMDi7PIBXq1RtGo7BhbLaxwrXPOmw8gq48Y9ozT01hUKy9byMjlR20EJhu5zlkErEkg=="
				},
				"balanced-match": {
					"version": "1.0.0",
					"resolved": "https://registry.npmjs.org/balanced-match/-/balanced-match-1.0.0.tgz",
					"integrity": "sha1-ibTRmasr7kneFk6gK4nORi1xt2c="
				},
				"brace-expansion": {
					"version": "1.1.11",
					"resolved": "https://registry.npmjs.org/brace-expansion/-/brace-expansion-1.1.11.tgz",
					"integrity": "sha512-iCuPHDFgrHX7H2vEI/5xpz07zSHB00TpugqhmYtVmMO6518mCuRMoOYFldEBl0g187ufozdaHgWKcYFb61qGiA==",
					"requires": {
						"balanced-match": "^1.0.0",
						"concat-map": "0.0.1"
					}
				},
				"builtin-modules": {
					"version": "3.1.0",
					"resolved": "https://registry.npmjs.org/builtin-modules/-/builtin-modules-3.1.0.tgz",
					"integrity": "sha512-k0KL0aWZuBt2lrxrcASWDfwOLMnodeQjodT/1SxEQAXsHANgo6ZC/VEaSEHCXt7aSTZ4/4H5LKa+tBXmW7Vtvw=="
				},
				"concat-map": {
					"version": "0.0.1",
					"resolved": "https://registry.npmjs.org/concat-map/-/concat-map-0.0.1.tgz",
					"integrity": "sha1-2Klr13/Wjfd5OnMDajug1UBdR3s="
				},
				"estree-walker": {
					"version": "0.6.1",
					"resolved": "https://registry.npmjs.org/estree-walker/-/estree-walker-0.6.1.tgz",
					"integrity": "sha512-SqmZANLWS0mnatqbSfRP5g8OXZC12Fgg1IwNtLsyHDzJizORW4khDfjPqJZsemPWBB2uqykUah5YpQ6epsqC/w=="
				},
				"fs.realpath": {
					"version": "1.0.0",
					"resolved": "https://registry.npmjs.org/fs.realpath/-/fs.realpath-1.0.0.tgz",
					"integrity": "sha1-FQStJSMVjKpA20onh8sBQRmU6k8="
				},
				"glob": {
					"version": "7.1.6",
					"resolved": "https://registry.npmjs.org/glob/-/glob-7.1.6.tgz",
					"integrity": "sha512-LwaxwyZ72Lk7vZINtNNrywX0ZuLyStrdDtabefZKAY5ZGJhVtgdznluResxNmPitE0SAO+O26sWTHeKSI2wMBA==",
					"requires": {
						"fs.realpath": "^1.0.0",
						"inflight": "^1.0.4",
						"inherits": "2",
						"minimatch": "^3.0.4",
						"once": "^1.3.0",
						"path-is-absolute": "^1.0.0"
					}
				},
				"inflight": {
					"version": "1.0.6",
					"resolved": "https://registry.npmjs.org/inflight/-/inflight-1.0.6.tgz",
					"integrity": "sha1-Sb1jMdfQLQwJvJEKEHW6gWW1bfk=",
					"requires": {
						"once": "^1.3.0",
						"wrappy": "1"
					}
				},
				"inherits": {
					"version": "2.0.4",
					"resolved": "https://registry.npmjs.org/inherits/-/inherits-2.0.4.tgz",
					"integrity": "sha512-k/vGaX4/Yla3WzyMCvTQOXYeIHvqOKtnqBduzTHpzpQZzAskKMhZ2K+EnBiSM9zGSoIFeMpXKxa4dYeZIQqewQ=="
				},
				"is-module": {
					"version": "1.0.0",
					"resolved": "https://registry.npmjs.org/is-module/-/is-module-1.0.0.tgz",
					"integrity": "sha1-Mlj7afeMFNW4FdZkM2tM/7ZEFZE="
				},
				"is-reference": {
					"version": "1.1.4",
					"resolved": "https://registry.npmjs.org/is-reference/-/is-reference-1.1.4.tgz",
					"integrity": "sha512-uJA/CDPO3Tao3GTrxYn6AwkM4nUPJiGGYu5+cB8qbC7WGFlrKZbiRo7SFKxUAEpFUfiHofWCXBUNhvYJMh+6zw==",
					"requires": {
						"@types/estree": "0.0.39"
					},
					"dependencies": {
						"@types/estree": {
							"version": "0.0.39",
							"resolved": "https://registry.npmjs.org/@types/estree/-/estree-0.0.39.tgz",
							"integrity": "sha512-EYNwp3bU+98cpU4lAWYYL7Zz+2gryWH1qbdDTidVd6hkiR6weksdbMadyXKXNPEkQFhXM+hVO9ZygomHXp+AIw=="
						}
					}
				},
				"jasmine": {
					"version": "3.5.0",
					"resolved": "https://registry.npmjs.org/jasmine/-/jasmine-3.5.0.tgz",
					"integrity": "sha512-DYypSryORqzsGoMazemIHUfMkXM7I7easFaxAvNM3Mr6Xz3Fy36TupTrAOxZWN8MVKEU5xECv22J4tUQf3uBzQ==",
					"requires": {
						"glob": "^7.1.4",
						"jasmine-core": "~3.5.0"
					}
				},
				"jasmine-core": {
					"version": "3.5.0",
					"resolved": "https://registry.npmjs.org/jasmine-core/-/jasmine-core-3.5.0.tgz",
					"integrity": "sha512-nCeAiw37MIMA9w9IXso7bRaLl+c/ef3wnxsoSAlYrzS+Ot0zTG6nU8G/cIfGkqpkjX2wNaIW9RFG0TwIFnG6bA=="
				},
				"magic-string": {
					"version": "0.25.7",
					"resolved": "https://registry.npmjs.org/magic-string/-/magic-string-0.25.7.tgz",
					"integrity": "sha512-4CrMT5DOHTDk4HYDlzmwu4FVCcIYI8gauveasrdCu2IKIFOJ3f0v/8MDGJCDL9oD2ppz/Av1b0Nj345H9M+XIA==",
					"requires": {
						"sourcemap-codec": "^1.4.4"
					}
				},
				"minimatch": {
					"version": "3.0.4",
					"resolved": "https://registry.npmjs.org/minimatch/-/minimatch-3.0.4.tgz",
					"integrity": "sha512-yJHVQEhyqPLUTgt9B83PXu6W3rx4MvvHvSUvToogpwoGDOUQ+yDrR0HRot+yOCdCO7u4hX3pWft6kWBBcqh0UA==",
					"requires": {
						"brace-expansion": "^1.1.7"
					}
				},
				"once": {
					"version": "1.4.0",
					"resolved": "https://registry.npmjs.org/once/-/once-1.4.0.tgz",
					"integrity": "sha1-WDsap3WWHUsROsF9nFC6753Xa9E=",
					"requires": {
						"wrappy": "1"
					}
				},
				"path-is-absolute": {
					"version": "1.0.1",
					"resolved": "https://registry.npmjs.org/path-is-absolute/-/path-is-absolute-1.0.1.tgz",
					"integrity": "sha1-F0uSaHNVNP+8es5r9TpanhtcX18="
				},
				"path-parse": {
					"version": "1.0.6",
					"resolved": "https://registry.npmjs.org/path-parse/-/path-parse-1.0.6.tgz",
					"integrity": "sha512-GSmOT2EbHrINBf9SR7CDELwlJ8AENk3Qn7OikK4nFYAu3Ote2+JYNVvkpAEQm3/TLNEJFD/xZJjzyxg3KBWOzw=="
				},
				"resolve": {
					"version": "1.15.1",
					"resolved": "https://registry.npmjs.org/resolve/-/resolve-1.15.1.tgz",
					"integrity": "sha512-84oo6ZTtoTUpjgNEr5SJyzQhzL72gaRodsSfyxC/AXRvwu0Yse9H8eF9IpGo7b8YetZhlI6v7ZQ6bKBFV/6S7w==",
					"requires": {
						"path-parse": "^1.0.6"
					}
				},
				"rollup": {
					"version": "1.27.0",
					"resolved": "https://registry.npmjs.org/rollup/-/rollup-1.27.0.tgz",
					"integrity": "sha512-yaMna4MJ8LLEHhHl1ilgHakylf0LKeQctDxhngZLQ+W57GnXa5vtH7XKaK8zlAhNEhlWiH5YFVFt+QCDPUmNkw==",
					"requires": {
						"@types/estree": "*",
						"@types/node": "*",
						"acorn": "^7.1.0"
					}
				},
				"rollup-plugin-commonjs": {
					"version": "10.1.0",
					"resolved": "https://registry.npmjs.org/rollup-plugin-commonjs/-/rollup-plugin-commonjs-10.1.0.tgz",
					"integrity": "sha512-jlXbjZSQg8EIeAAvepNwhJj++qJWNJw1Cl0YnOqKtP5Djx+fFGkp3WRh+W0ASCaFG5w1jhmzDxgu3SJuVxPF4Q==",
					"requires": {
						"estree-walker": "^0.6.1",
						"is-reference": "^1.1.2",
						"magic-string": "^0.25.2",
						"resolve": "^1.11.0",
						"rollup-pluginutils": "^2.8.1"
					}
				},
				"rollup-plugin-node-resolve": {
					"version": "5.2.0",
					"resolved": "https://registry.npmjs.org/rollup-plugin-node-resolve/-/rollup-plugin-node-resolve-5.2.0.tgz",
					"integrity": "sha512-jUlyaDXts7TW2CqQ4GaO5VJ4PwwaV8VUGA7+km3n6k6xtOEacf61u0VXwN80phY/evMcaS+9eIeJ9MOyDxt5Zw==",
					"requires": {
						"@types/resolve": "0.0.8",
						"builtin-modules": "^3.1.0",
						"is-module": "^1.0.0",
						"resolve": "^1.11.1",
						"rollup-pluginutils": "^2.8.1"
					}
				},
				"rollup-pluginutils": {
					"version": "2.8.2",
					"resolved": "https://registry.npmjs.org/rollup-pluginutils/-/rollup-pluginutils-2.8.2.tgz",
					"integrity": "sha512-EEp9NhnUkwY8aif6bxgovPHMoMoNr2FulJziTndpt5H9RdwC47GSGuII9XxpSdzVGM0GWrNPHV6ie1LTNJPaLQ==",
					"requires": {
						"estree-walker": "^0.6.1"
					}
				},
				"sourcemap-codec": {
					"version": "1.4.8",
					"resolved": "https://registry.npmjs.org/sourcemap-codec/-/sourcemap-codec-1.4.8.tgz",
					"integrity": "sha512-9NykojV5Uih4lgo5So5dtw+f0JgJX30KCNI8gwhz2J9A15wD0Ml6tjHKwf6fTSa6fAdVBdZeNOs9eJ71qCk8vA=="
				},
				"typescript": {
					"version": "3.9.6",
					"resolved": "https://registry.npmjs.org/typescript/-/typescript-3.9.6.tgz",
					"integrity": "sha512-Pspx3oKAPJtjNwE92YS05HQoY7z2SFyOpHo9MqJor3BXAGNaPUs83CuVp9VISFkSjyRfiTpmKuAYGJB7S7hOxw=="
				},
				"wrappy": {
					"version": "1.0.2",
					"resolved": "https://registry.npmjs.org/wrappy/-/wrappy-1.0.2.tgz",
					"integrity": "sha1-tSQ9jz7BqjXxNkYFvA0QNuMKtp8="
				}
			}
		},
		"@rollup/plugin-replace": {
			"version": "2.3.0",
			"resolved": "https://registry.npmjs.org/@rollup/plugin-replace/-/plugin-replace-2.3.0.tgz",
			"integrity": "sha512-rzWAMqXAHC1w3eKpK6LxRqiF4f3qVFaa1sGii6Bp3rluKcwHNOpPt+hWRCmAH6SDEPtbPiLFf0pfNQyHs6Btlg==",
			"dev": true,
			"requires": {
				"magic-string": "^0.25.2",
				"rollup-pluginutils": "^2.6.0"
			}
		},
		"@types/estree": {
			"version": "0.0.44",
			"resolved": "https://registry.npmjs.org/@types/estree/-/estree-0.0.44.tgz",
			"integrity": "sha512-iaIVzr+w2ZJ5HkidlZ3EJM8VTZb2MJLCjw3V+505yVts0gRC4UMvjw0d1HPtGqI/HQC/KdsYtayfzl+AXY2R8g==",
			"dev": true
		},
		"@types/node": {
			"version": "13.13.2",
			"resolved": "https://registry.npmjs.org/@types/node/-/node-13.13.2.tgz",
			"integrity": "sha512-LB2R1Oyhpg8gu4SON/mfforE525+Hi/M1ineICEDftqNVTyFg1aRIeGuTvXAoWHc4nbrFncWtJgMmoyRvuGh7A==",
			"dev": true
		},
		"@types/resolve": {
			"version": "0.0.8",
			"resolved": "https://registry.npmjs.org/@types/resolve/-/resolve-0.0.8.tgz",
			"integrity": "sha512-auApPaJf3NPfe18hSoJkp8EbZzer2ISk7o8mCC3M9he/a04+gbMF97NkpD2S8riMGvm4BMRI59/SZQSaLTKpsQ==",
			"dev": true,
			"requires": {
				"@types/node": "*"
			}
		},
		"@types/tus-js-client": {
			"version": "1.8.0",
			"resolved": "https://registry.npmjs.org/@types/tus-js-client/-/tus-js-client-1.8.0.tgz",
			"integrity": "sha512-lWxu5+6qfyfwsW99GzUeJ9y9JeOSSLduKxgYMvaYM7sGTDKZsrIIHTUbHI2P016xhXtu9NxmUM3GrB4i14ie4A==",
			"dev": true
		},
		"acorn": {
			"version": "7.1.1",
			"resolved": "https://registry.npmjs.org/acorn/-/acorn-7.1.1.tgz",
			"integrity": "sha512-add7dgA5ppRPxCFJoAGfMDi7PIBXq1RtGo7BhbLaxwrXPOmw8gq48Y9ozT01hUKy9byMjlR20EJhu5zlkErEkg==",
			"dev": true
		},
		"ansi-styles": {
			"version": "3.2.1",
			"resolved": "https://registry.npmjs.org/ansi-styles/-/ansi-styles-3.2.1.tgz",
			"integrity": "sha512-VT0ZI6kZRdTh8YyJw3SMbYm/u+NqfsAxEpWO0Pf9sq8/e94WxxOpPKx9FR1FlyCtOVDNOQ+8ntlqFxiRc+r5qA==",
			"dev": true,
			"requires": {
				"color-convert": "^1.9.0"
			}
		},
		"buffer-from": {
			"version": "0.1.2",
			"resolved": "https://registry.npmjs.org/buffer-from/-/buffer-from-0.1.2.tgz",
			"integrity": "sha512-RiWIenusJsmI2KcvqQABB83tLxCByE3upSP8QU3rJDMVFGPWLvPQJt/O1Su9moRWeH7d+Q2HYb68f6+v+tw2vg=="
		},
		"builtin-modules": {
			"version": "3.1.0",
			"resolved": "https://registry.npmjs.org/builtin-modules/-/builtin-modules-3.1.0.tgz",
			"integrity": "sha512-k0KL0aWZuBt2lrxrcASWDfwOLMnodeQjodT/1SxEQAXsHANgo6ZC/VEaSEHCXt7aSTZ4/4H5LKa+tBXmW7Vtvw==",
			"dev": true
		},
		"chalk": {
			"version": "2.4.2",
			"resolved": "https://registry.npmjs.org/chalk/-/chalk-2.4.2.tgz",
			"integrity": "sha512-Mti+f9lpJNcwF4tWV8/OrTTtF1gZi+f8FqlyAdouralcFWFQWF2+NgCHShjkCb+IFBLq9buZwE1xckQU4peSuQ==",
			"dev": true,
			"requires": {
				"ansi-styles": "^3.2.1",
				"escape-string-regexp": "^1.0.5",
				"supports-color": "^5.3.0"
			}
		},
		"color-convert": {
			"version": "1.9.3",
			"resolved": "https://registry.npmjs.org/color-convert/-/color-convert-1.9.3.tgz",
			"integrity": "sha512-QfAUtd+vFdAtFQcC8CCyYt1fYWxSqAiK2cSD6zDB8N3cpsEBAvRxp9zOGg6G/SHHJYAT88/az/IuDGALsNVbGg==",
			"dev": true,
			"requires": {
				"color-name": "1.1.3"
			}
		},
		"color-name": {
			"version": "1.1.3",
			"resolved": "https://registry.npmjs.org/color-name/-/color-name-1.1.3.tgz",
			"integrity": "sha1-p9BVi9icQveV3UIyj3QIMcpTvCU=",
			"dev": true
		},
		"combine-errors": {
			"version": "3.0.3",
			"resolved": "https://registry.npmjs.org/combine-errors/-/combine-errors-3.0.3.tgz",
			"integrity": "sha1-9N9nQAg+VwOjGBEQwrEFUfAD2oY=",
			"requires": {
				"custom-error-instance": "2.1.1",
				"lodash.uniqby": "4.5.0"
			}
		},
		"commander": {
			"version": "2.20.3",
			"resolved": "https://registry.npmjs.org/commander/-/commander-2.20.3.tgz",
			"integrity": "sha512-GpVkmM8vF2vQUkj2LvZmD35JxeJOLCwJ9cUkugyk2nuhbv3+mJvpLYYt+0+USMxE+oj+ey/lJEnhZw75x/OMcQ==",
			"dev": true
		},
		"custom-error-instance": {
			"version": "2.1.1",
			"resolved": "https://registry.npmjs.org/custom-error-instance/-/custom-error-instance-2.1.1.tgz",
			"integrity": "sha1-PPY5FIemYppiR+sMoM4ACBt+Nho="
		},
		"escape-goat": {
			"version": "2.1.1",
			"resolved": "https://registry.npmjs.org/escape-goat/-/escape-goat-2.1.1.tgz",
			"integrity": "sha512-8/uIhbG12Csjy2JEW7D9pHbreaVaS/OpN3ycnyvElTdwM5n6GY6W6e2IPemfvGZeUMqZ9A/3GqIZMgKnBhAw/Q==",
			"dev": true
		},
		"escape-string-regexp": {
			"version": "1.0.5",
			"resolved": "https://registry.npmjs.org/escape-string-regexp/-/escape-string-regexp-1.0.5.tgz",
			"integrity": "sha1-G2HAViGQqN/2rjuyzwIAyhMLhtQ=",
			"dev": true
		},
		"estree-walker": {
			"version": "0.6.1",
			"resolved": "https://registry.npmjs.org/estree-walker/-/estree-walker-0.6.1.tgz",
			"integrity": "sha512-SqmZANLWS0mnatqbSfRP5g8OXZC12Fgg1IwNtLsyHDzJizORW4khDfjPqJZsemPWBB2uqykUah5YpQ6epsqC/w==",
			"dev": true
		},
		"extend": {
			"version": "3.0.2",
			"resolved": "https://registry.npmjs.org/extend/-/extend-3.0.2.tgz",
			"integrity": "sha512-fjquC59cD7CyW6urNXK0FBufkZcoiGG80wTuPujX590cB5Ttln20E2UB4S/WARVqhXffZl2LNgS+gQdPIIim/g=="
		},
		"graceful-fs": {
			"version": "4.2.3",
			"resolved": "https://registry.npmjs.org/graceful-fs/-/graceful-fs-4.2.3.tgz",
			"integrity": "sha512-a30VEBm4PEdx1dRB7MFK7BejejvCvBronbLjht+sHuGYj8PHs7M/5Z+rt5lw551vZ7yfTCj4Vuyy3mSJytDWRQ=="
		},
		"has-flag": {
			"version": "3.0.0",
			"resolved": "https://registry.npmjs.org/has-flag/-/has-flag-3.0.0.tgz",
			"integrity": "sha1-tdRU3CGZriJWmfNGfloH87lVuv0=",
			"dev": true
		},
		"is-module": {
			"version": "1.0.0",
			"resolved": "https://registry.npmjs.org/is-module/-/is-module-1.0.0.tgz",
			"integrity": "sha1-Mlj7afeMFNW4FdZkM2tM/7ZEFZE=",
			"dev": true
		},
		"is-reference": {
			"version": "1.1.4",
			"resolved": "https://registry.npmjs.org/is-reference/-/is-reference-1.1.4.tgz",
			"integrity": "sha512-uJA/CDPO3Tao3GTrxYn6AwkM4nUPJiGGYu5+cB8qbC7WGFlrKZbiRo7SFKxUAEpFUfiHofWCXBUNhvYJMh+6zw==",
			"dev": true,
			"requires": {
				"@types/estree": "0.0.39"
			},
			"dependencies": {
				"@types/estree": {
					"version": "0.0.39",
					"resolved": "https://registry.npmjs.org/@types/estree/-/estree-0.0.39.tgz",
					"integrity": "sha512-EYNwp3bU+98cpU4lAWYYL7Zz+2gryWH1qbdDTidVd6hkiR6weksdbMadyXKXNPEkQFhXM+hVO9ZygomHXp+AIw==",
					"dev": true
				}
			}
		},
		"is-wsl": {
			"version": "1.1.0",
			"resolved": "https://registry.npmjs.org/is-wsl/-/is-wsl-1.1.0.tgz",
			"integrity": "sha1-HxbkqiKwTRM2tmGIpmrzxgDDpm0=",
			"dev": true
		},
		"jest-worker": {
			"version": "24.9.0",
			"resolved": "https://registry.npmjs.org/jest-worker/-/jest-worker-24.9.0.tgz",
			"integrity": "sha512-51PE4haMSXcHohnSMdM42anbvZANYTqMrr52tVKPqqsPJMzoP6FYYDVqahX/HrAoKEKz3uUPzSvKs9A3qR4iVw==",
			"dev": true,
			"requires": {
				"merge-stream": "^2.0.0",
				"supports-color": "^6.1.0"
			},
			"dependencies": {
				"supports-color": {
					"version": "6.1.0",
					"resolved": "https://registry.npmjs.org/supports-color/-/supports-color-6.1.0.tgz",
					"integrity": "sha512-qe1jfm1Mg7Nq/NSh6XE24gPXROEVsWHxC1LIx//XNlD9iw7YZQGjZNjYN7xGaEG6iKdA8EtNFW6R0gjnVXp+wQ==",
					"dev": true,
					"requires": {
						"has-flag": "^3.0.0"
					}
				}
			}
		},
		"js-base64": {
			"version": "2.5.2",
			"resolved": "https://registry.npmjs.org/js-base64/-/js-base64-2.5.2.tgz",
			"integrity": "sha512-Vg8czh0Q7sFBSUMWWArX/miJeBWYBPpdU/3M/DKSaekLMqrqVPaedp+5mZhie/r0lgrcaYBfwXatEew6gwgiQQ=="
		},
		"js-tokens": {
			"version": "4.0.0",
			"resolved": "https://registry.npmjs.org/js-tokens/-/js-tokens-4.0.0.tgz",
			"integrity": "sha512-RdJUflcE3cUzKiMqQgsCu06FPu9UdIJO0beYbPhHN4k6apgJtifcoCtT9bcxOpYBtpD2kCM6Sbzg4CausW/PKQ==",
			"dev": true
		},
		"lodash._baseiteratee": {
			"version": "4.7.0",
			"resolved": "https://registry.npmjs.org/lodash._baseiteratee/-/lodash._baseiteratee-4.7.0.tgz",
			"integrity": "sha1-NKm1VDVycnw9sueO2uPA6eZr0QI=",
			"requires": {
				"lodash._stringtopath": "~4.8.0"
			}
		},
		"lodash._basetostring": {
			"version": "4.12.0",
			"resolved": "https://registry.npmjs.org/lodash._basetostring/-/lodash._basetostring-4.12.0.tgz",
			"integrity": "sha1-kyfJ3FFYhmt/pLnUL0Y45XZt2d8="
		},
		"lodash._baseuniq": {
			"version": "4.6.0",
			"resolved": "https://registry.npmjs.org/lodash._baseuniq/-/lodash._baseuniq-4.6.0.tgz",
			"integrity": "sha1-DrtE5FaBSveQXGIS+iybLVG4Qeg=",
			"requires": {
				"lodash._createset": "~4.0.0",
				"lodash._root": "~3.0.0"
			}
		},
		"lodash._createset": {
			"version": "4.0.3",
			"resolved": "https://registry.npmjs.org/lodash._createset/-/lodash._createset-4.0.3.tgz",
			"integrity": "sha1-D0ZZ+7CddRlPqeK4imZE02PJ/iY="
		},
		"lodash._root": {
			"version": "3.0.1",
			"resolved": "https://registry.npmjs.org/lodash._root/-/lodash._root-3.0.1.tgz",
			"integrity": "sha1-+6HEUkwZ7ppfgTa0YJ8BfPTe1pI="
		},
		"lodash._stringtopath": {
			"version": "4.8.0",
			"resolved": "https://registry.npmjs.org/lodash._stringtopath/-/lodash._stringtopath-4.8.0.tgz",
			"integrity": "sha1-lBvPDmQmbl/B1m/tCmlZVExXaCQ=",
			"requires": {
				"lodash._basetostring": "~4.12.0"
			}
		},
		"lodash.throttle": {
			"version": "4.1.1",
			"resolved": "https://registry.npmjs.org/lodash.throttle/-/lodash.throttle-4.1.1.tgz",
			"integrity": "sha1-wj6RtxAkKscMN/HhzaknTMOb8vQ="
		},
		"lodash.uniqby": {
			"version": "4.5.0",
			"resolved": "https://registry.npmjs.org/lodash.uniqby/-/lodash.uniqby-4.5.0.tgz",
			"integrity": "sha1-o6F7v2LutiQPSRhG6XwcTipeHiE=",
			"requires": {
				"lodash._baseiteratee": "~4.7.0",
				"lodash._baseuniq": "~4.6.0"
			}
		},
		"magic-string": {
			"version": "0.25.7",
			"resolved": "https://registry.npmjs.org/magic-string/-/magic-string-0.25.7.tgz",
			"integrity": "sha512-4CrMT5DOHTDk4HYDlzmwu4FVCcIYI8gauveasrdCu2IKIFOJ3f0v/8MDGJCDL9oD2ppz/Av1b0Nj345H9M+XIA==",
			"dev": true,
			"requires": {
				"sourcemap-codec": "^1.4.4"
			}
		},
		"merge-stream": {
			"version": "2.0.0",
			"resolved": "https://registry.npmjs.org/merge-stream/-/merge-stream-2.0.0.tgz",
			"integrity": "sha512-abv/qOcuPfk3URPfDzmZU1LKmuw8kT+0nIHvKrKgFrwifol/doWcdA4ZqsWQ8ENrFKkd67Mfpo/LovbIUsbt3w==",
			"dev": true
		},
		"minimist": {
			"version": "1.2.5",
			"resolved": "https://registry.npmjs.org/minimist/-/minimist-1.2.5.tgz",
			"integrity": "sha512-FM9nNUYrRBAELZQT3xeZQ7fmMOBg6nWNmJKTcgsJeaLstP/UODVpGsr5OhXhhXg6f+qtJ8uiZ+PUxkDWcgIXLw==",
			"dev": true
		},
		"mkdirp": {
			"version": "0.5.5",
			"resolved": "https://registry.npmjs.org/mkdirp/-/mkdirp-0.5.5.tgz",
			"integrity": "sha512-NKmAlESf6jMGym1++R0Ra7wvhV+wFW63FaSOFPwRahvea0gMUcGUhVeAg/0BC0wiv9ih5NYPB1Wn1UEI1/L+xQ==",
			"dev": true,
			"requires": {
				"minimist": "^1.2.5"
			}
		},
		"open": {
			"version": "6.4.0",
			"resolved": "https://registry.npmjs.org/open/-/open-6.4.0.tgz",
			"integrity": "sha512-IFenVPgF70fSm1keSd2iDBIDIBZkroLeuffXq+wKTzTJlBpesFWojV9lb8mzOfaAzM1sr7HQHuO0vtV0zYekGg==",
			"dev": true,
			"requires": {
				"is-wsl": "^1.1.0"
			}
		},
		"path-parse": {
			"version": "1.0.6",
			"resolved": "https://registry.npmjs.org/path-parse/-/path-parse-1.0.6.tgz",
			"integrity": "sha512-GSmOT2EbHrINBf9SR7CDELwlJ8AENk3Qn7OikK4nFYAu3Ote2+JYNVvkpAEQm3/TLNEJFD/xZJjzyxg3KBWOzw==",
			"dev": true
		},
		"proper-lockfile": {
			"version": "2.0.1",
			"resolved": "https://registry.npmjs.org/proper-lockfile/-/proper-lockfile-2.0.1.tgz",
			"integrity": "sha1-FZ+wYZPTIAP0s2kd0uwaY0qoDR0=",
			"requires": {
				"graceful-fs": "^4.1.2",
				"retry": "^0.10.0"
			}
		},
		"pupa": {
			"version": "2.0.1",
			"resolved": "https://registry.npmjs.org/pupa/-/pupa-2.0.1.tgz",
			"integrity": "sha512-hEJH0s8PXLY/cdXh66tNEQGndDrIKNqNC5xmrysZy3i5C3oEoLna7YAOad+7u125+zH1HNXUmGEkrhb3c2VriA==",
			"dev": true,
			"requires": {
				"escape-goat": "^2.0.0"
			}
		},
		"querystringify": {
			"version": "2.1.1",
			"resolved": "https://registry.npmjs.org/querystringify/-/querystringify-2.1.1.tgz",
			"integrity": "sha512-w7fLxIRCRT7U8Qu53jQnJyPkYZIaR4n5151KMfcJlO/A9397Wxb1amJvROTK6TOnp7PfoAmg/qXiNHI+08jRfA=="
		},
		"requires-port": {
			"version": "1.0.0",
			"resolved": "https://registry.npmjs.org/requires-port/-/requires-port-1.0.0.tgz",
			"integrity": "sha1-kl0mAdOaxIXgkc8NpcbmlNw9yv8="
		},
		"resolve": {
			"version": "1.16.1",
			"resolved": "https://registry.npmjs.org/resolve/-/resolve-1.16.1.tgz",
			"integrity": "sha512-rmAglCSqWWMrrBv/XM6sW0NuRFiKViw/W4d9EbC4pt+49H8JwHy+mcGmALTEg504AUDcLTvb1T2q3E9AnmY+ig==",
			"dev": true,
			"requires": {
				"path-parse": "^1.0.6"
			}
		},
		"retry": {
			"version": "0.10.1",
			"resolved": "https://registry.npmjs.org/retry/-/retry-0.10.1.tgz",
			"integrity": "sha1-52OI0heZLCUnUCQdPTlW/tmNj/Q="
		},
		"rollup": {
			"version": "1.25.2",
			"resolved": "https://registry.npmjs.org/rollup/-/rollup-1.25.2.tgz",
			"integrity": "sha512-+7z6Wab/L45QCPcfpuTZKwKiB0tynj05s/+s2U3F2Bi7rOLPr9UcjUwO7/xpjlPNXA/hwnth6jBExFRGyf3tMg==",
			"dev": true,
			"requires": {
				"@types/estree": "*",
				"@types/node": "*",
				"acorn": "^7.1.0"
			}
		},
		"rollup-plugin-analyzer": {
			"version": "3.2.2",
			"resolved": "https://registry.npmjs.org/rollup-plugin-analyzer/-/rollup-plugin-analyzer-3.2.2.tgz",
			"integrity": "sha512-rRNOaykvnniNmByeaYuhrnMSwAmYduvGy1q2rBchRjGL/bEtEVr2WogKMQ0po8QbnwcsYaiQacYFxsvGTnw6Iw==",
			"dev": true
		},
		"rollup-plugin-commonjs": {
			"version": "10.1.0",
			"resolved": "https://registry.npmjs.org/rollup-plugin-commonjs/-/rollup-plugin-commonjs-10.1.0.tgz",
			"integrity": "sha512-jlXbjZSQg8EIeAAvepNwhJj++qJWNJw1Cl0YnOqKtP5Djx+fFGkp3WRh+W0ASCaFG5w1jhmzDxgu3SJuVxPF4Q==",
			"dev": true,
			"requires": {
				"estree-walker": "^0.6.1",
				"is-reference": "^1.1.2",
				"magic-string": "^0.25.2",
				"resolve": "^1.11.0",
				"rollup-pluginutils": "^2.8.1"
			}
		},
		"rollup-plugin-node-resolve": {
			"version": "5.2.0",
			"resolved": "https://registry.npmjs.org/rollup-plugin-node-resolve/-/rollup-plugin-node-resolve-5.2.0.tgz",
			"integrity": "sha512-jUlyaDXts7TW2CqQ4GaO5VJ4PwwaV8VUGA7+km3n6k6xtOEacf61u0VXwN80phY/evMcaS+9eIeJ9MOyDxt5Zw==",
			"dev": true,
			"requires": {
				"@types/resolve": "0.0.8",
				"builtin-modules": "^3.1.0",
				"is-module": "^1.0.0",
				"resolve": "^1.11.1",
				"rollup-pluginutils": "^2.8.1"
			}
		},
		"rollup-plugin-terser": {
			"version": "5.1.2",
			"resolved": "https://registry.npmjs.org/rollup-plugin-terser/-/rollup-plugin-terser-5.1.2.tgz",
			"integrity": "sha512-sWKBCOS+vUkRtHtEiJPAf+WnBqk/C402fBD9AVHxSIXMqjsY7MnYWKYEUqGixtr0c8+1DjzUEPlNgOYQPVrS1g==",
			"dev": true,
			"requires": {
				"@babel/code-frame": "^7.0.0",
				"jest-worker": "^24.6.0",
				"rollup-pluginutils": "^2.8.1",
				"serialize-javascript": "^1.7.0",
				"terser": "^4.1.0"
			}
		},
		"rollup-plugin-visualizer": {
			"version": "2.7.2",
			"resolved": "https://registry.npmjs.org/rollup-plugin-visualizer/-/rollup-plugin-visualizer-2.7.2.tgz",
			"integrity": "sha512-aJ9GA2mGblEttMmyA2bO8Ce40/VAH3tFYhiXaEJKuJTY6eaU5q744wgE6H8YzM2mc1uLQeejn6A00ldjUSLhyA==",
			"dev": true,
			"requires": {
				"mkdirp": "^0.5.1",
				"open": "^6.0.0",
				"pupa": "^2.0.0",
				"source-map": "^0.7.3"
			},
			"dependencies": {
				"source-map": {
					"version": "0.7.3",
					"resolved": "https://registry.npmjs.org/source-map/-/source-map-0.7.3.tgz",
					"integrity": "sha512-CkCj6giN3S+n9qrYiBTX5gystlENnRW5jZeNLHpe6aue+SrHcG5VYwujhW9s4dY31mEGsxBDrHR6oI69fTXsaQ==",
					"dev": true
				}
			}
		},
		"rollup-pluginutils": {
			"version": "2.8.2",
			"resolved": "https://registry.npmjs.org/rollup-pluginutils/-/rollup-pluginutils-2.8.2.tgz",
			"integrity": "sha512-EEp9NhnUkwY8aif6bxgovPHMoMoNr2FulJziTndpt5H9RdwC47GSGuII9XxpSdzVGM0GWrNPHV6ie1LTNJPaLQ==",
			"dev": true,
			"requires": {
				"estree-walker": "^0.6.1"
			}
		},
		"serialize-javascript": {
			"version": "1.9.1",
			"resolved": "https://registry.npmjs.org/serialize-javascript/-/serialize-javascript-1.9.1.tgz",
			"integrity": "sha512-0Vb/54WJ6k5v8sSWN09S0ora+Hnr+cX40r9F170nT+mSkaxltoE/7R3OrIdBSUv1OoiobH1QoWQbCnAO+e8J1A==",
			"dev": true
		},
		"source-map": {
			"version": "0.6.1",
			"resolved": "https://registry.npmjs.org/source-map/-/source-map-0.6.1.tgz",
			"integrity": "sha512-UjgapumWlbMhkBgzT7Ykc5YXUT46F0iKu8SGXq0bcwP5dz/h0Plj6enJqjz1Zbq2l5WaqYnrVbwWOWMyF3F47g==",
			"dev": true
		},
		"source-map-support": {
			"version": "0.5.18",
			"resolved": "https://registry.npmjs.org/source-map-support/-/source-map-support-0.5.18.tgz",
			"integrity": "sha512-9luZr/BZ2QeU6tO2uG8N2aZpVSli4TSAOAqFOyTO51AJcD9P99c0K1h6dD6r6qo5dyT44BR5exweOaLLeldTkQ==",
			"dev": true,
			"requires": {
				"buffer-from": "^1.0.0",
				"source-map": "^0.6.0"
			},
			"dependencies": {
				"buffer-from": {
					"version": "1.1.1",
					"resolved": "https://registry.npmjs.org/buffer-from/-/buffer-from-1.1.1.tgz",
					"integrity": "sha512-MQcXEUbCKtEo7bhqEs6560Hyd4XaovZlO/k9V3hjVUF/zwW7KBVdSK4gIt/bzwS9MbR5qob+F5jusZsb0YQK2A==",
					"dev": true
				}
			}
		},
		"sourcemap-codec": {
			"version": "1.4.8",
			"resolved": "https://registry.npmjs.org/sourcemap-codec/-/sourcemap-codec-1.4.8.tgz",
			"integrity": "sha512-9NykojV5Uih4lgo5So5dtw+f0JgJX30KCNI8gwhz2J9A15wD0Ml6tjHKwf6fTSa6fAdVBdZeNOs9eJ71qCk8vA==",
			"dev": true
		},
		"supports-color": {
			"version": "5.5.0",
			"resolved": "https://registry.npmjs.org/supports-color/-/supports-color-5.5.0.tgz",
			"integrity": "sha512-QjVjwdXIt408MIiAqCX4oUKsgU2EqAGzs2Ppkm4aQYbjm+ZEWEcW4SfFNTr4uMNZma0ey4f5lgLrkB0aX0QMow==",
			"dev": true,
			"requires": {
				"has-flag": "^3.0.0"
			}
		},
		"terser": {
			"version": "4.6.11",
			"resolved": "https://registry.npmjs.org/terser/-/terser-4.6.11.tgz",
			"integrity": "sha512-76Ynm7OXUG5xhOpblhytE7X58oeNSmC8xnNhjWVo8CksHit0U0kO4hfNbPrrYwowLWFgM2n9L176VNx2QaHmtA==",
			"dev": true,
			"requires": {
				"commander": "^2.20.0",
				"source-map": "~0.6.1",
				"source-map-support": "~0.5.12"
			}
		},
		"tus-js-client": {
			"version": "1.8.0",
			"resolved": "https://registry.npmjs.org/tus-js-client/-/tus-js-client-1.8.0.tgz",
			"integrity": "sha512-qPX3TywqzxocTxUZtcS8X7Aik72SVMa0jKi4hWyfvRV+s9raVzzYGaP4MoJGaF0yOgm2+b6jXaVEHogxcJ8LGw==",
			"requires": {
				"buffer-from": "^0.1.1",
				"combine-errors": "^3.0.3",
				"extend": "^3.0.2",
				"js-base64": "^2.4.9",
				"lodash.throttle": "^4.1.1",
				"proper-lockfile": "^2.0.1",
				"url-parse": "^1.4.3"
			}
		},
		"typescript": {
			"version": "3.9.6",
			"resolved": "https://registry.npmjs.org/typescript/-/typescript-3.9.6.tgz",
			"integrity": "sha512-Pspx3oKAPJtjNwE92YS05HQoY7z2SFyOpHo9MqJor3BXAGNaPUs83CuVp9VISFkSjyRfiTpmKuAYGJB7S7hOxw==",
			"dev": true
		},
		"url-parse": {
			"version": "1.4.7",
			"resolved": "https://registry.npmjs.org/url-parse/-/url-parse-1.4.7.tgz",
			"integrity": "sha512-d3uaVyzDB9tQoSXFvuSUNFibTd9zxd2bkVrDRvF5TmvWWQwqE4lgYJ5m+x1DbecWkw+LK4RNl2CU1hHuOKPVlg==",
			"requires": {
				"querystringify": "^2.1.1",
				"requires-port": "^1.0.0"
			}
		}
	}
}
