{
  "name": "@contember/binding",
  "version": "0.6.11",
  "lockfileVersion": 1,
  "requires": true,
  "dependencies": {
    "@contember/client": {
      "version": "0.5.15",
      "resolved": "https://verdaccio.mgw.cz/@contember%2fclient/-/client-0.5.15.tgz",
      "integrity": "sha512-eNsC7zllz42/hWGsERl8ELuR/o8XCLmQLGINI7LF50pAy+6ga+6nwWcG5aGtd6P15Cj9nyzX1UYGeaFpNA1wbA==",
      "requires": {
        "@contember/schema": "0.8.3"
      }
    },
    "@contember/react-client": {
      "version": "0.5.15",
      "resolved": "https://verdaccio.mgw.cz/@contember%2freact-client/-/react-client-0.5.15.tgz",
      "integrity": "sha512-aRegKCc63U6u5hrhLKLkOrwkprlr4wpj82s4QmS8eICorJP3DwV9WcNqvDhxk+BjqPmynROGTJgcqEIKumLVAg==",
      "requires": {
        "@contember/client": "0.5.15"
      }
    },
    "@contember/react-multipass-rendering": {
      "version": "0.5.15",
      "resolved": "https://verdaccio.mgw.cz/@contember%2freact-multipass-rendering/-/react-multipass-rendering-0.5.15.tgz",
      "integrity": "sha512-oao+V4L42Aoad3RDHXPNFXnGTckpetk2hX8uelqNHk1Q0gExIkAGKVK5gRJDBnxcMC1+sk3wAS7Fa6bUgfJLGQ=="
    },
    "@contember/react-utils": {
      "version": "0.5.15",
      "resolved": "https://verdaccio.mgw.cz/@contember%2freact-utils/-/react-utils-0.5.15.tgz",
      "integrity": "sha512-M6C0q19Hht3I/PNPPKUInj6QuGnvJ2kA6jFkhnjwJqLxyCrR+uiEEDGQYK0FK1WG4uF8u8UVYxV7mJMD8G0cBQ=="
    },
    "@contember/schema": {
      "version": "0.8.3",
      "resolved": "https://verdaccio.mgw.cz/@contember%2fschema/-/schema-0.8.3.tgz",
      "integrity": "sha512-3MVDP1E7F3ayVHb7hQ1NLb9vd42tfmg0ZVomzSiTdy4oGJW0smcus8AE43kP7xszvZjR3b74WScP0UyXqJVs0Q=="
    },
    "@jest/types": {
      "version": "25.5.0",
      "resolved": "https://registry.npmjs.org/@jest/types/-/types-25.5.0.tgz",
      "integrity": "sha512-OXD0RgQ86Tu3MazKo8bnrkDRaDXXMGUqd+kTtLtK1Zb7CRzQcaSRPPPV37SvYTdevXEBVxe0HXylEjs8ibkmCw==",
      "dev": true,
      "requires": {
        "@types/istanbul-lib-coverage": "^2.0.0",
        "@types/istanbul-reports": "^1.1.1",
        "@types/yargs": "^15.0.0",
        "chalk": "^3.0.0"
      }
    },
    "@types/color-name": {
      "version": "1.1.1",
      "resolved": "https://registry.npmjs.org/@types/color-name/-/color-name-1.1.1.tgz",
      "integrity": "sha512-rr+OQyAjxze7GgWrSaJwydHStIhHq2lvY3BOC2Mj7KnzI7XK0Uw1TOOdI9lDoajEbSWLiYgoo4f1R51erQfhPQ==",
      "dev": true
    },
    "@types/istanbul-lib-coverage": {
      "version": "2.0.3",
      "resolved": "https://registry.npmjs.org/@types/istanbul-lib-coverage/-/istanbul-lib-coverage-2.0.3.tgz",
      "integrity": "sha512-sz7iLqvVUg1gIedBOvlkxPlc8/uVzyS5OwGz1cKjXzkl3FpL3al0crU8YGU1WoHkxn0Wxbw5tyi6hvzJKNzFsw==",
      "dev": true
    },
    "@types/istanbul-lib-report": {
      "version": "3.0.0",
      "resolved": "https://registry.npmjs.org/@types/istanbul-lib-report/-/istanbul-lib-report-3.0.0.tgz",
      "integrity": "sha512-plGgXAPfVKFoYfa9NpYDAkseG+g6Jr294RqeqcqDixSbU34MZVJRi/P+7Y8GDpzkEwLaGZZOpKIEmeVZNtKsrg==",
      "dev": true,
      "requires": {
        "@types/istanbul-lib-coverage": "*"
      }
    },
    "@types/istanbul-reports": {
      "version": "1.1.2",
      "resolved": "https://registry.npmjs.org/@types/istanbul-reports/-/istanbul-reports-1.1.2.tgz",
      "integrity": "sha512-P/W9yOX/3oPZSpaYOCQzGqgCQRXn0FFO/V8bWrCQs+wLmvVVxk6CRBXALEvNs9OHIatlnlFokfhuDo2ug01ciw==",
      "dev": true,
      "requires": {
        "@types/istanbul-lib-coverage": "*",
        "@types/istanbul-lib-report": "*"
      }
    },
    "@types/jest": {
      "version": "26.0.13",
      "resolved": "https://registry.npmjs.org/@types/jest/-/jest-26.0.13.tgz",
      "integrity": "sha512-sCzjKow4z9LILc6DhBvn5AkIfmQzDZkgtVVKmGwVrs5tuid38ws281D4l+7x1kP487+FlKDh5kfMZ8WSPAdmdA==",
      "dev": true,
      "requires": {
        "jest-diff": "^25.2.1",
        "pretty-format": "^25.2.1"
      }
    },
    "@types/uuid": {
      "version": "8.3.0",
      "resolved": "https://registry.npmjs.org/@types/uuid/-/uuid-8.3.0.tgz",
      "integrity": "sha512-eQ9qFW/fhfGJF8WKHGEHZEyVWfZxrT+6CLIJGBcZPfxUh/+BnEj+UCGYMlr9qZuX/2AltsvwrGqp0LhEW8D0zQ==",
      "dev": true
    },
    "@types/yargs": {
      "version": "15.0.5",
      "resolved": "https://registry.npmjs.org/@types/yargs/-/yargs-15.0.5.tgz",
      "integrity": "sha512-Dk/IDOPtOgubt/IaevIUbTgV7doaKkoorvOyYM2CMwuDyP89bekI7H4xLIwunNYiK9jhCkmc6pUrJk3cj2AB9w==",
      "dev": true,
      "requires": {
        "@types/yargs-parser": "*"
      }
    },
    "@types/yargs-parser": {
      "version": "15.0.0",
      "resolved": "https://registry.npmjs.org/@types/yargs-parser/-/yargs-parser-15.0.0.tgz",
      "integrity": "sha512-FA/BWv8t8ZWJ+gEOnLLd8ygxH/2UFbAvgEonyfN6yWGLKc7zVjbpl2Y4CTjid9h2RfgPP6SEt6uHwEOply00yw==",
      "dev": true
    },
    "ansi-regex": {
      "version": "5.0.0",
      "resolved": "https://registry.npmjs.org/ansi-regex/-/ansi-regex-5.0.0.tgz",
      "integrity": "sha512-bY6fj56OUQ0hU1KjFNDQuJFezqKdrAyFdIevADiqrWHwSlbmBNMHp5ak2f40Pm8JTFyM2mqxkG6ngkHO11f/lg==",
      "dev": true
    },
    "ansi-styles": {
      "version": "4.2.1",
      "resolved": "https://registry.npmjs.org/ansi-styles/-/ansi-styles-4.2.1.tgz",
      "integrity": "sha512-9VGjrMsG1vePxcSweQsN20KY/c4zN0h9fLjqAbwbPfahM3t+NL+M9HC8xeXG2I8pX5NoamTGNuomEUFI7fcUjA==",
      "dev": true,
      "requires": {
        "@types/color-name": "^1.1.1",
        "color-convert": "^2.0.1"
      }
    },
    "chalk": {
      "version": "3.0.0",
      "resolved": "https://registry.npmjs.org/chalk/-/chalk-3.0.0.tgz",
      "integrity": "sha512-4D3B6Wf41KOYRFdszmDqMCGq5VV/uMAB273JILmO+3jAlh8X4qDtdtgCR3fxtbLEMzSx22QdhnDcJvu2u1fVwg==",
      "dev": true,
      "requires": {
        "ansi-styles": "^4.1.0",
        "supports-color": "^7.1.0"
      }
    },
    "chevrotain": {
      "version": "6.5.0",
      "resolved": "https://registry.npmjs.org/chevrotain/-/chevrotain-6.5.0.tgz",
      "integrity": "sha512-BwqQ/AgmKJ8jcMEjaSnfMybnKMgGTrtDKowfTP3pX4jwVy0kNjRsT/AP6h+wC3+3NC+X8X15VWBnTCQlX+wQFg==",
      "requires": {
        "regexp-to-ast": "0.4.0"
      }
    },
    "color-convert": {
      "version": "2.0.1",
      "resolved": "https://registry.npmjs.org/color-convert/-/color-convert-2.0.1.tgz",
      "integrity": "sha512-RRECPsj7iu/xb5oKYcsFHSppFNnsj/52OVTRKb4zP5onXwVF3zVmmToNcOfGC+CRDpfK/U584fMg38ZHCaElKQ==",
      "dev": true,
      "requires": {
        "color-name": "~1.1.4"
      }
    },
    "color-name": {
      "version": "1.1.4",
      "resolved": "https://registry.npmjs.org/color-name/-/color-name-1.1.4.tgz",
      "integrity": "sha512-dOy+3AuW3a2wNbZHIuMZpTcgjGuLU/uBL/ubcZF9OXbDo8ff4O8yVp5Bf0efS8uEoYo5q4Fx7dY9OgQGXgAsQA==",
      "dev": true
    },
    "diff-sequences": {
      "version": "25.2.6",
      "resolved": "https://registry.npmjs.org/diff-sequences/-/diff-sequences-25.2.6.tgz",
      "integrity": "sha512-Hq8o7+6GaZeoFjtpgvRBUknSXNeJiCx7V9Fr94ZMljNiCr9n9L8H8aJqgWOQiDDGdyn29fRNcDdRVJ5fdyihfg==",
      "dev": true
    },
    "has-flag": {
      "version": "4.0.0",
      "resolved": "https://registry.npmjs.org/has-flag/-/has-flag-4.0.0.tgz",
      "integrity": "sha512-EykJT/Q1KjTWctppgIAgfSO0tKVuZUjhgMr17kqTumMl6Afv3EISleU7qZUzoXDFTAHTDC4NOoG/ZxU3EvlMPQ==",
      "dev": true
    },
    "jest-diff": {
      "version": "25.5.0",
      "resolved": "https://registry.npmjs.org/jest-diff/-/jest-diff-25.5.0.tgz",
      "integrity": "sha512-z1kygetuPiREYdNIumRpAHY6RXiGmp70YHptjdaxTWGmA085W3iCnXNx0DhflK3vwrKmrRWyY1wUpkPMVxMK7A==",
      "dev": true,
      "requires": {
        "chalk": "^3.0.0",
        "diff-sequences": "^25.2.6",
        "jest-get-type": "^25.2.6",
        "pretty-format": "^25.5.0"
      }
    },
    "jest-get-type": {
      "version": "25.2.6",
      "resolved": "https://registry.npmjs.org/jest-get-type/-/jest-get-type-25.2.6.tgz",
      "integrity": "sha512-DxjtyzOHjObRM+sM1knti6or+eOgcGU4xVSb2HNP1TqO4ahsT+rqZg+nyqHWJSvWgKC5cG3QjGFBqxLghiF/Ig==",
      "dev": true
    },
    "pretty-format": {
      "version": "25.5.0",
      "resolved": "https://registry.npmjs.org/pretty-format/-/pretty-format-25.5.0.tgz",
      "integrity": "sha512-kbo/kq2LQ/A/is0PQwsEHM7Ca6//bGPPvU6UnsdDRSKTWxT/ru/xb88v4BJf6a69H+uTytOEsTusT9ksd/1iWQ==",
      "dev": true,
      "requires": {
        "@jest/types": "^25.5.0",
        "ansi-regex": "^5.0.0",
        "ansi-styles": "^4.0.0",
        "react-is": "^16.12.0"
      }
    },
    "react-is": {
      "version": "16.13.1",
      "resolved": "https://registry.npmjs.org/react-is/-/react-is-16.13.1.tgz",
      "integrity": "sha512-24e6ynE2H+OKt4kqsOvNd8kBpV65zoxbA4BVsEOB3ARVWQki/DHzaUoC5KuON/BiccDaCCTZBuOcfZs70kR8bQ==",
      "dev": true
    },
    "regexp-to-ast": {
      "version": "0.4.0",
      "resolved": "https://registry.npmjs.org/regexp-to-ast/-/regexp-to-ast-0.4.0.tgz",
      "integrity": "sha512-4qf/7IsIKfSNHQXSwial1IFmfM1Cc/whNBQqRwe0V2stPe7KmN1U0tWQiIx6JiirgSrisjE0eECdNf7Tav1Ntw=="
    },
    "supports-color": {
      "version": "7.2.0",
      "resolved": "https://registry.npmjs.org/supports-color/-/supports-color-7.2.0.tgz",
      "integrity": "sha512-qpCAvRl9stuOHveKsn7HncJRvv501qIacKzQlO/+Lwxc9+0q2wLyv4Dfvt80/DPn2pqOBsJdDiogXGR9+OvwRw==",
      "dev": true,
      "requires": {
        "has-flag": "^4.0.0"
      }
    },
    "uuid": {
      "version": "8.3.1",
      "resolved": "https://registry.npmjs.org/uuid/-/uuid-8.3.1.tgz",
      "integrity": "sha512-FOmRr+FmWEIG8uhZv6C2bTgEVXsHk08kE7mPlrBbEe+c3r9pjceVPgupIfNIhc4yx55H69OXANrUaSuu9eInKg=="
    }
  }
}
