{
	"requires": true,
	"lockfileVersion": 1,
	"dependencies": {
		"@blueprintjs/core": {
			"version": "3.1.0",
			"resolved": "https://registry.npmjs.org/@blueprintjs/core/-/core-3.1.0.tgz",
			"integrity": "sha512-lVL2TzqLIL44eN/XN2P8L8G8CXJa9eCVHtBbWYUrkx7Ru6V9gYsLVQ6spWFC3r8MchyTM+NCgbrKm3/4yHzR7Q==",
			"requires": {
				"@blueprintjs/icons": "3.0.0",
				"@types/dom4": "2.0.0",
				"classnames": "2.2.6",
				"dom4": "2.1.3",
				"normalize.css": "8.0.0",
				"popper.js": "1.14.4",
				"react-popper": "1.0.0",
				"react-transition-group": "2.4.0",
				"resize-observer-polyfill": "1.5.0",
				"tslib": "1.9.3"
			}
		},
		"@blueprintjs/datetime": {
			"version": "3.1.0",
			"resolved": "https://registry.npmjs.org/@blueprintjs/datetime/-/datetime-3.1.0.tgz",
			"integrity": "sha512-3riYuu0hpFHH9RzcKvZmR/X1GEqndwtg6R6N+Fx/S7XcXU5yXY2tf+nhMKrZtTyyW7dYeu9EKz45UsRg+PPVcg==",
			"requires": {
				"@blueprintjs/core": "3.1.0",
				"classnames": "2.2.6",
				"react-day-picker": "7.1.10",
				"tslib": "1.9.3"
			}
		},
		"@blueprintjs/icons": {
			"version": "3.0.0",
			"resolved": "https://registry.npmjs.org/@blueprintjs/icons/-/icons-3.0.0.tgz",
			"integrity": "sha512-U14jCwGG41W1CDNFiIroC2SJ3jCaGwxuJ43c9vcg7l7hmD/CEVcrN1+pqdIU+p4YIk41fN0IE2fLEOnL9XZStA==",
			"requires": {
				"classnames": "2.2.6",
				"tslib": "1.9.3"
			}
		},
		"@blueprintjs/select": {
			"version": "3.1.0",
			"resolved": "https://registry.npmjs.org/@blueprintjs/select/-/select-3.1.0.tgz",
			"integrity": "sha512-zMdmDkESnB824qKA9kWVtfMEUq4YWnYu/+OamVEd/BqU2EiDkDzhjSVYFqUzgo4bf8mjP55UG+23Niz2e3L7og==",
			"requires": {
				"@blueprintjs/core": "3.1.0",
				"classnames": "2.2.6",
				"tslib": "1.9.3"
			}
		},
		"@blueprintjs/table": {
			"version": "3.1.0",
			"resolved": "https://registry.npmjs.org/@blueprintjs/table/-/table-3.1.0.tgz",
			"integrity": "sha512-xTQU8qf5H4So0URv2VpepAT8awhM9Z1Vsl0ZSCX+BAbMK12sLe/n0v+0KRq38fAqUlYI4iQzX45zwYHhIbEgpQ==",
			"requires": {
				"@blueprintjs/core": "3.1.0",
				"classnames": "2.2.6",
				"prop-types": "15.6.2",
				"tslib": "1.9.3"
			}
		},
		"@types/classnames": {
			"version": "2.2.6",
			"resolved": "https://registry.npmjs.org/@types/classnames/-/classnames-2.2.6.tgz",
			"integrity": "sha512-XHcYvVdbtAxVstjKxuULYqYaWIzHR15yr1pZj4fnGChuBVJlIAp9StJna0ZJNSgxPh4Nac2FL4JM3M11Tm6fqQ=="
		},
		"@types/dom4": {
			"version": "2.0.0",
			"resolved": "https://registry.npmjs.org/@types/dom4/-/dom4-2.0.0.tgz",
			"integrity": "sha512-8daxuqQvjHC2EaOfEC99ayfoiaaAVW+Mmm+3Uf0NDi9c5yarbFLXAU/BgSXLJgnbExSIokpvGDAZsYW82kg5Dg=="
		},
		"@types/is-hotkey": {
			"version": "0.1.0",
			"resolved": "https://registry.npmjs.org/@types/is-hotkey/-/is-hotkey-0.1.0.tgz",
			"integrity": "sha512-x5EuO08A6pvw0ZKzwrUEmFKMPNnCyBEyuLh2G4DkGfiS1/f3h2bX6gdYeiO85KC8L7bh1WPE7r/gsOA+oB2Lhw=="
		},
		"@types/react": {
			"version": "16.4.7",
			"resolved": "https://registry.npmjs.org/@types/react/-/react-16.4.7.tgz",
			"integrity": "sha512-tHpSs7HMyjnpyfzka1G0pYh7rBNdpwGgcIDT4vfV6jUaR69yOHo/vNH2H+d9iYHo9xnX4qDe7UalPe9HiGRkLw==",
			"requires": {
				"csstype": "2.5.6"
			}
		},
		"@types/react-redux": {
			"version": "5.0.20",
			"resolved": "https://registry.npmjs.org/@types/react-redux/-/react-redux-5.0.20.tgz",
			"integrity": "sha512-WeiE+bcA/6JaPIFpOJ75rvtM2/+Yu41k0YMgIXLnjRbyL55vG7B22HzFrVkyoIQNbCZFBz+pWdRDWRmNG4USBw==",
			"requires": {
				"@types/react": "16.4.7",
				"redux": "3.7.2"
			},
			"dependencies": {
				"redux": {
					"version": "3.7.2",
					"resolved": "https://registry.npmjs.org/redux/-/redux-3.7.2.tgz",
					"integrity": "sha512-pNqnf9q1hI5HHZRBkj3bAngGZW/JMCmexDlOxw4XagXY2o1327nHH54LoTjiPJ0gizoqPDRqWyX/00g0hD6w+A==",
					"requires": {
						"lodash": "4.17.10",
						"lodash-es": "4.17.10",
						"loose-envify": "1.4.0",
						"symbol-observable": "1.2.0"
					}
				}
			}
		},
		"@types/react-table": {
			"version": "6.7.12",
			"resolved": "https://registry.npmjs.org/@types/react-table/-/react-table-6.7.12.tgz",
			"integrity": "sha512-7tSbjY0P0yo40ES5eQrnxOboIaNCuvHEHPNeSy+1gUk+ZxR751drSv2TepOMB24rl1cPSc/zcT4O/yoB4UnOvA==",
			"requires": {
				"@types/react": "16.4.7"
			}
		},
		"@types/reactstrap": {
			"version": "6.0.2",
			"resolved": "https://registry.npmjs.org/@types/reactstrap/-/reactstrap-6.0.2.tgz",
			"integrity": "sha512-dSS7KqWmTDI+XAPOF9cMyZ3xM/Bpkf7r6Nki/ilOCw/+l28Jx093J+YcbMB4clxnujhwIf7I4STw03TpgqoyEQ==",
			"requires": {
				"@types/react": "16.4.7",
				"popper.js": "1.14.4"
			}
		},
		"@types/redux-actions": {
			"version": "2.3.0",
			"resolved": "https://registry.npmjs.org/@types/redux-actions/-/redux-actions-2.3.0.tgz",
			"integrity": "sha512-N5gZT7Tg5HGRbQH56D6umLhv1R4koEFjfz5+2TFo/tjAz3Y3Aj+hjQBum3UUO4D53hYO439UlWP5Q+S63vujrQ=="
		},
		"@types/slate": {
			"version": "0.40.0",
			"resolved": "https://registry.npmjs.org/@types/slate/-/slate-0.40.0.tgz",
			"integrity": "sha512-FUhchXj6t5oMx1drVa/x+rwltKzAi6avGNUAR1qt2pDs0sI3ElLZmDNIVf5i+e3KsupxkdQS3vSOd+/7CcdHyA==",
			"requires": {
				"immutable": "3.8.2"
			}
		},
		"@types/slate-html-serializer": {
			"version": "0.6.2",
			"resolved": "https://registry.npmjs.org/@types/slate-html-serializer/-/slate-html-serializer-0.6.2.tgz",
			"integrity": "sha512-0yIsYlxHFYnx1rqHBh01/sQR+WiUpjJ4r5+s3bUtfcZYOfKYQDmAkZuHbTvPHeX1mESXR0fJiR5BbCB1HJnDlg==",
			"requires": {
				"@types/react": "16.4.7",
				"@types/slate": "0.40.0"
			}
		},
		"@types/slate-react": {
			"version": "0.18.0",
			"resolved": "https://registry.npmjs.org/@types/slate-react/-/slate-react-0.18.0.tgz",
			"integrity": "sha512-j39hCx3o3rjYT+NG5vIg0pO3A8IemQXC5a0bzLXI5uTSk/1NKe5YNhcieuXym4OEIwIU0O9RG9+qp3kOL1I3OQ==",
			"requires": {
				"@types/react": "16.4.7",
				"@types/slate": "0.40.0",
				"immutable": "3.8.2"
			}
		},
		"asap": {
			"version": "2.0.6",
			"resolved": "https://registry.npmjs.org/asap/-/asap-2.0.6.tgz",
			"integrity": "sha1-5QNHYR1+aQlDIIu9r+vLwvuGbUY="
		},
		"babel-runtime": {
			"version": "6.26.0",
			"resolved": "https://registry.npmjs.org/babel-runtime/-/babel-runtime-6.26.0.tgz",
			"integrity": "sha1-llxwWGaOgrVde/4E/yM3vItWR/4=",
			"requires": {
				"core-js": "2.5.7",
				"regenerator-runtime": "0.11.1"
			}
		},
		"bootstrap": {
			"version": "4.1.1",
			"resolved": "https://registry.npmjs.org/bootstrap/-/bootstrap-4.1.1.tgz",
			"integrity": "sha512-SpiDSOcbg4J/PjVSt4ny5eY6j74VbVSjROY4Fb/WIUXBV9cnb5luyR4KnPvNoXuGnBK1T+nJIWqRsvU3yP8Mcg=="
		},
		"bourbon": {
			"version": "5.1.0",
			"resolved": "https://registry.npmjs.org/bourbon/-/bourbon-5.1.0.tgz",
			"integrity": "sha512-rO4rwNAVNuzPmnL+DruxAe7DR2YFFo4nHsgDVRd9URMgDxtHmVBUnvFLXPan6teVe7jkybCyxcnR+CKClotj3g=="
		},
		"classnames": {
			"version": "2.2.6",
			"resolved": "https://registry.npmjs.org/classnames/-/classnames-2.2.6.tgz",
			"integrity": "sha512-JR/iSQOSt+LQIWwrwEzJ9uk0xfN3mTVYMwt1Ir5mUcSN6pU+V4zQFFaJsclJbPuAUQH+yfWef6tm7l1quW3C8Q=="
		},
		"core-js": {
			"version": "2.5.7",
			"resolved": "https://registry.npmjs.org/core-js/-/core-js-2.5.7.tgz",
			"integrity": "sha512-RszJCAxg/PP6uzXVXL6BsxSXx/B05oJAQ2vkJRjyjrEcNVycaqOmNb5OTxZPE3xa5gwZduqza6L9JOCenh/Ecw=="
		},
		"create-react-context": {
			"version": "0.2.2",
			"resolved": "https://registry.npmjs.org/create-react-context/-/create-react-context-0.2.2.tgz",
			"integrity": "sha512-KkpaLARMhsTsgp0d2NA/R94F/eDLbhXERdIq3LvX2biCAXcDvHYoOqHfWCHf1+OLj+HKBotLG3KqaOOf+C1C+A==",
			"requires": {
				"fbjs": "0.8.17",
				"gud": "1.0.0"
			}
		},
		"csstype": {
			"version": "2.5.6",
			"resolved": "https://registry.npmjs.org/csstype/-/csstype-2.5.6.tgz",
			"integrity": "sha512-tKPyhy0FmfYD2KQYXD5GzkvAYLYj96cMLXr648CKGd3wBe0QqoPipImjGiLze9c8leJK8J3n7ap90tpk3E6HGQ=="
		},
		"debug": {
			"version": "3.1.0",
			"resolved": "https://registry.npmjs.org/debug/-/debug-3.1.0.tgz",
			"integrity": "sha512-OX8XqP7/1a9cqkxYw2yXss15f26NKWBpDXQd0/uK/KPqdQhxbPa994hnzjcE2VqQpDslf55723cKPUOGSmMY3g==",
			"requires": {
				"ms": "2.0.0"
			}
		},
		"direction": {
			"version": "0.1.5",
			"resolved": "https://registry.npmjs.org/direction/-/direction-0.1.5.tgz",
			"integrity": "sha1-zl15f5fib4vnvv9T99xA4cGp7Ew="
		},
		"dom-helpers": {
			"version": "3.3.1",
			"resolved": "https://registry.npmjs.org/dom-helpers/-/dom-helpers-3.3.1.tgz",
			"integrity": "sha512-2Sm+JaYn74OiTM2wHvxJOo3roiq/h25Yi69Fqk269cNUwIXsCvATB6CRSFC9Am/20G2b28hGv/+7NiWydIrPvg=="
		},
		"dom4": {
			"version": "2.1.3",
			"resolved": "https://registry.npmjs.org/dom4/-/dom4-2.1.3.tgz",
			"integrity": "sha512-begvh4z5GV0kyxx+YgJZ7sIo/jsELx/v7MQxoLZpOvT5yFo18X8dfgtUmKAwdGuyMeugncylarLHlO4gIK6YNw=="
		},
		"encoding": {
			"version": "0.1.12",
			"resolved": "https://registry.npmjs.org/encoding/-/encoding-0.1.12.tgz",
			"integrity": "sha1-U4tm8+5izRq1HsMjgp0flIDHS+s=",
			"requires": {
				"iconv-lite": "0.4.23"
			}
		},
		"esrever": {
			"version": "0.2.0",
			"resolved": "https://registry.npmjs.org/esrever/-/esrever-0.2.0.tgz",
			"integrity": "sha1-lunSj08bGnZ4TNXUkOquAQ50B7g="
		},
		"fbjs": {
			"version": "0.8.17",
			"resolved": "https://registry.npmjs.org/fbjs/-/fbjs-0.8.17.tgz",
			"integrity": "sha1-xNWY6taUkRJlPWWIsBpc3Nn5D90=",
			"requires": {
				"core-js": "1.2.7",
				"isomorphic-fetch": "2.2.1",
				"loose-envify": "1.4.0",
				"object-assign": "4.1.1",
				"promise": "7.3.1",
				"setimmediate": "1.0.5",
				"ua-parser-js": "0.7.18"
			},
			"dependencies": {
				"core-js": {
					"version": "1.2.7",
					"resolved": "https://registry.npmjs.org/core-js/-/core-js-1.2.7.tgz",
					"integrity": "sha1-ZSKUwUZR2yj6k70tX/KYOk8IxjY="
				}
			}
		},
		"get-document": {
			"version": "1.0.0",
			"resolved": "https://registry.npmjs.org/get-document/-/get-document-1.0.0.tgz",
			"integrity": "sha1-SCG85m8cJMsDMWAr5strEsTwHEs="
		},
		"get-window": {
			"version": "1.1.2",
			"resolved": "https://registry.npmjs.org/get-window/-/get-window-1.1.2.tgz",
			"integrity": "sha512-yjWpFcy9fjhLQHW1dPtg9ga4pmizLY8y4ZSHdGrAQ1NU277MRhnGnnLPxe19X8W5lWVsCZz++5xEuNozWMVmTw==",
			"requires": {
				"get-document": "1.0.0"
			}
		},
		"gud": {
			"version": "1.0.0",
			"resolved": "https://registry.npmjs.org/gud/-/gud-1.0.0.tgz",
			"integrity": "sha512-zGEOVKFM5sVPPrYs7J5/hYEw2Pof8KCyOwyhG8sAF26mCAeUFAcYPu1mwB7hhpIP29zOIBaDqwuHdLp0jvZXjw=="
		},
		"hoist-non-react-statics": {
			"version": "2.5.5",
			"resolved": "https://registry.npmjs.org/hoist-non-react-statics/-/hoist-non-react-statics-2.5.5.tgz",
			"integrity": "sha512-rqcy4pJo55FTTLWt+bU8ukscqHeE/e9KWvsOW2b/a3afxQZhwkQdT1rPPCJ0rYXdj4vNcasY8zHTH+jF/qStxw=="
		},
		"iconv-lite": {
			"version": "0.4.23",
			"resolved": "https://registry.npmjs.org/iconv-lite/-/iconv-lite-0.4.23.tgz",
			"integrity": "sha512-neyTUVFtahjf0mB3dZT77u+8O0QB89jFdnBkd5P1JgYPbPaia3gXXOVL2fq8VyU2gMMD7SaN7QukTB/pmXYvDA==",
			"requires": {
				"safer-buffer": "2.1.2"
			}
		},
		"immutable": {
			"version": "3.8.2",
			"resolved": "https://registry.npmjs.org/immutable/-/immutable-3.8.2.tgz",
			"integrity": "sha1-wkOZUUVbs5kT2vKBN28VMOEErfM="
		},
		"invariant": {
			"version": "2.2.4",
			"resolved": "https://registry.npmjs.org/invariant/-/invariant-2.2.4.tgz",
			"integrity": "sha512-phJfQVBuaJM5raOpJjSfkiD6BpbCE4Ns//LaXl6wGYtUBY83nWS6Rf9tXm2e8VaK60JEjYldbPif/A2B1C2gNA==",
			"requires": {
				"loose-envify": "1.4.0"
			}
		},
		"is-hotkey": {
			"version": "0.1.3",
			"resolved": "https://registry.npmjs.org/is-hotkey/-/is-hotkey-0.1.3.tgz",
			"integrity": "sha512-wB5PP/lwpaN5zNT1vjHxYFBxiq5zvUZiv8696eB5OmeCRCgNIzb3cMJjRhogSQXe8LLDKOzzlFfGlMaWnc4emQ=="
		},
		"is-in-browser": {
			"version": "1.1.3",
			"resolved": "https://registry.npmjs.org/is-in-browser/-/is-in-browser-1.1.3.tgz",
			"integrity": "sha1-Vv9NtoOgeMYILrldrX3GLh0E+DU="
		},
		"is-plain-object": {
			"version": "2.0.4",
			"resolved": "https://registry.npmjs.org/is-plain-object/-/is-plain-object-2.0.4.tgz",
			"integrity": "sha512-h5PpgXkWitc38BBMYawTYMWJHFZJVnBquFE57xFpjB8pJFiF6gZ+bU+WyI/yqXiFR5mdLsgYNaPe8uao6Uv9Og==",
			"requires": {
				"isobject": "3.0.1"
			}
		},
		"is-stream": {
			"version": "1.1.0",
			"resolved": "https://registry.npmjs.org/is-stream/-/is-stream-1.1.0.tgz",
			"integrity": "sha1-EtSj3U5o4Lec6428hBc66A2RykQ="
		},
		"is-url": {
			"version": "1.2.4",
			"resolved": "https://registry.npmjs.org/is-url/-/is-url-1.2.4.tgz",
			"integrity": "sha512-ITvGim8FhRiYe4IQ5uHSkj7pVaPDrCTkNd3yq3cV7iZAcJdHTUMPMEHcqSOy9xZ9qFenQCvi+2wjH9a1nXqHww=="
		},
		"is-window": {
			"version": "1.0.2",
			"resolved": "https://registry.npmjs.org/is-window/-/is-window-1.0.2.tgz",
			"integrity": "sha1-LIlspT25feRdPDMTOmXYyfVjSA0="
		},
		"isobject": {
			"version": "3.0.1",
			"resolved": "https://registry.npmjs.org/isobject/-/isobject-3.0.1.tgz",
			"integrity": "sha1-TkMekrEalzFjaqH5yNHMvP2reN8="
		},
		"isomorphic-base64": {
			"version": "1.0.2",
			"resolved": "https://registry.npmjs.org/isomorphic-base64/-/isomorphic-base64-1.0.2.tgz",
			"integrity": "sha1-9Caq6CVpuopOxcpzrSGkSrHueAM="
		},
		"isomorphic-fetch": {
			"version": "2.2.1",
			"resolved": "https://registry.npmjs.org/isomorphic-fetch/-/isomorphic-fetch-2.2.1.tgz",
			"integrity": "sha1-YRrhrPFPXoH3KVB0coGf6XM1WKk=",
			"requires": {
				"node-fetch": "1.7.3",
				"whatwg-fetch": "2.0.4"
			}
		},
		"js-tokens": {
			"version": "4.0.0",
			"resolved": "https://registry.npmjs.org/js-tokens/-/js-tokens-4.0.0.tgz",
			"integrity": "sha512-RdJUflcE3cUzKiMqQgsCu06FPu9UdIJO0beYbPhHN4k6apgJtifcoCtT9bcxOpYBtpD2kCM6Sbzg4CausW/PKQ=="
		},
		"lodash": {
			"version": "4.17.10",
			"resolved": "https://registry.npmjs.org/lodash/-/lodash-4.17.10.tgz",
			"integrity": "sha512-UejweD1pDoXu+AD825lWwp4ZGtSwgnpZxb3JDViD7StjQz+Nb/6l093lx4OQ0foGWNRoc19mWy7BzL+UAK2iVg=="
		},
		"lodash-es": {
			"version": "4.17.10",
			"resolved": "https://registry.npmjs.org/lodash-es/-/lodash-es-4.17.10.tgz",
			"integrity": "sha512-iesFYPmxYYGTcmQK0sL8bX3TGHyM6b2qREaB4kamHfQyfPJP0xgoGxp19nsH16nsfquLdiyKyX3mQkfiSGV8Rg=="
		},
		"lodash.camelcase": {
			"version": "4.3.0",
			"resolved": "https://registry.npmjs.org/lodash.camelcase/-/lodash.camelcase-4.3.0.tgz",
			"integrity": "sha1-soqmKIorn8ZRA1x3EfZathkDMaY="
		},
		"lodash.curry": {
			"version": "4.1.1",
			"resolved": "https://registry.npmjs.org/lodash.curry/-/lodash.curry-4.1.1.tgz",
			"integrity": "sha1-JI42By7ekGUB11lmIAqG2riyMXA="
		},
		"lodash.isfunction": {
			"version": "3.0.9",
			"resolved": "https://registry.npmjs.org/lodash.isfunction/-/lodash.isfunction-3.0.9.tgz",
			"integrity": "sha512-AirXNj15uRIMMPihnkInB4i3NHeb4iBtNg9WRWuK2o31S+ePwwNmDPaTL3o7dTJ+VXNZim7rFs4rxN4YU1oUJw=="
		},
		"lodash.isobject": {
			"version": "3.0.2",
			"resolved": "https://registry.npmjs.org/lodash.isobject/-/lodash.isobject-3.0.2.tgz",
			"integrity": "sha1-PI+41bW/S/kK4G4U8qUwpO2TXh0="
		},
		"lodash.tonumber": {
			"version": "4.0.3",
			"resolved": "https://registry.npmjs.org/lodash.tonumber/-/lodash.tonumber-4.0.3.tgz",
			"integrity": "sha1-C5azGzVnJ5Prf1pj7nkfG56QJdk="
		},
		"loose-envify": {
			"version": "1.4.0",
			"resolved": "https://registry.npmjs.org/loose-envify/-/loose-envify-1.4.0.tgz",
			"integrity": "sha512-lyuxPGr/Wfhrlem2CL/UcnUc1zcqKAImBDzukY7Y5F/yQiNdko6+fRLevlw1HgMySw7f611UIY408EtxRSoK3Q==",
			"requires": {
				"js-tokens": "4.0.0"
			}
		},
		"memoize-one": {
			"version": "4.0.2",
			"resolved": "https://registry.npmjs.org/memoize-one/-/memoize-one-4.0.2.tgz",
			"integrity": "sha512-ucx2DmXTeZTsS4GPPUZCbULAN7kdPT1G+H49Y34JjbQ5ESc6OGhVxKvb1iKhr9v19ZB9OtnHwNnhUnNR/7Wteg=="
		},
		"moment": {
			"version": "2.22.2",
			"resolved": "https://registry.npmjs.org/moment/-/moment-2.22.2.tgz",
			"integrity": "sha1-PCV/mDn8DpP/UxSWMiOeuQeD/2Y="
		},
		"ms": {
			"version": "2.0.0",
			"resolved": "https://registry.npmjs.org/ms/-/ms-2.0.0.tgz",
			"integrity": "sha1-VgiurfwAvmwpAd9fmGF4jeDVl8g="
		},
		"node-fetch": {
			"version": "1.7.3",
			"resolved": "https://registry.npmjs.org/node-fetch/-/node-fetch-1.7.3.tgz",
			"integrity": "sha512-NhZ4CsKx7cYm2vSrBAr2PvFOe6sWDf0UYLRqA6svUYg7+/TSfVAu49jYC4BvQ4Sms9SZgdqGBgroqfDhJdTyKQ==",
			"requires": {
				"encoding": "0.1.12",
				"is-stream": "1.1.0"
			}
		},
		"normalize.css": {
			"version": "8.0.0",
			"resolved": "https://registry.npmjs.org/normalize.css/-/normalize.css-8.0.0.tgz",
			"integrity": "sha512-iXcbM3NWr0XkNyfiSBsoPezi+0V92P9nj84yVV1/UZxRUrGczgX/X91KMAGM0omWLY2+2Q1gKD/XRn4gQRDB2A=="
		},
		"object-assign": {
			"version": "4.1.1",
			"resolved": "https://registry.npmjs.org/object-assign/-/object-assign-4.1.1.tgz",
			"integrity": "sha1-IQmtx5ZYh8/AXLvUQsrIv7s2CGM="
		},
		"path-to-regexp": {
			"version": "2.3.0",
			"resolved": "https://registry.npmjs.org/path-to-regexp/-/path-to-regexp-2.3.0.tgz",
			"integrity": "sha512-wWRwboLa//uIppXIodKsl+qe4zAUNHwGBZUIkc32xR64fcSqGXCnxEZ3Fyl8M2muy9fq+mv2BQbFmZB3hZ4Bfg=="
		},
		"popper.js": {
			"version": "1.14.4",
			"resolved": "https://registry.npmjs.org/popper.js/-/popper.js-1.14.4.tgz",
			"integrity": "sha1-juwdj/AqWjoVLdQ0FKFce3n9abY="
		},
		"promise": {
			"version": "7.3.1",
			"resolved": "https://registry.npmjs.org/promise/-/promise-7.3.1.tgz",
			"integrity": "sha512-nolQXZ/4L+bP/UGlkfaIujX9BKxGwmQ9OT4mOt5yvy8iK1h3wqTEJCijzGANTCCl9nWjY41juyAn2K3Q1hLLTg==",
			"requires": {
				"asap": "2.0.6"
			}
		},
		"prop-types": {
			"version": "15.6.2",
			"resolved": "https://registry.npmjs.org/prop-types/-/prop-types-15.6.2.tgz",
			"integrity": "sha512-3pboPvLiWD7dkI3qf3KbUe6hKFKa52w+AE0VCqECtf+QHAKgOL37tTaNCnuX1nAAQ4ZhyP+kYVKf8rLmJ/feDQ==",
			"requires": {
				"loose-envify": "1.4.0",
				"object-assign": "4.1.1"
			}
		},
		"react": {
			"version": "16.4.2",
			"resolved": "https://registry.npmjs.org/react/-/react-16.4.2.tgz",
			"integrity": "sha512-dMv7YrbxO4y2aqnvA7f/ik9ibeLSHQJTI6TrYAenPSaQ6OXfb+Oti+oJiy8WBxgRzlKatYqtCjphTgDSCEiWFg==",
			"requires": {
				"fbjs": "0.8.17",
				"loose-envify": "1.4.0",
				"object-assign": "4.1.1",
				"prop-types": "15.6.2"
			}
		},
		"react-day-picker": {
			"version": "7.1.10",
			"resolved": "https://registry.npmjs.org/react-day-picker/-/react-day-picker-7.1.10.tgz",
			"integrity": "sha512-UoI3ktYU8oN0UTxX5ZbG02TZePHh4znUGT6/h4g+tLNM1O4GGCiafqyFEIp22HYb1sCPQ4UMyw6QFcxu+lFDVQ==",
			"requires": {
				"prop-types": "15.6.2"
			}
		},
		"react-dom": {
			"version": "16.4.2",
			"resolved": "https://registry.npmjs.org/react-dom/-/react-dom-16.4.2.tgz",
			"integrity": "sha512-Usl73nQqzvmJN+89r97zmeUpQDKDlh58eX6Hbs/ERdDHzeBzWy+ENk7fsGQ+5KxArV1iOFPT46/VneklK9zoWw==",
			"requires": {
				"fbjs": "0.8.17",
				"loose-envify": "1.4.0",
				"object-assign": "4.1.1",
				"prop-types": "15.6.2"
			}
		},
		"react-immutable-proptypes": {
			"version": "2.1.0",
			"resolved": "https://registry.npmjs.org/react-immutable-proptypes/-/react-immutable-proptypes-2.1.0.tgz",
			"integrity": "sha1-Aj1vObsVyXwHHp5g0A0TbqxfoLQ="
		},
		"react-lifecycles-compat": {
			"version": "3.0.4",
			"resolved": "https://registry.npmjs.org/react-lifecycles-compat/-/react-lifecycles-compat-3.0.4.tgz",
			"integrity": "sha512-fBASbA6LnOU9dOU2eW7aQ8xmYBSXUIWr+UmF9b1efZBazGNO+rcXT/icdKnYm2pTwcRylVUYwW7H1PHfLekVzA=="
		},
		"react-popper": {
			"version": "1.0.0",
			"resolved": "https://registry.npmjs.org/react-popper/-/react-popper-1.0.0.tgz",
			"integrity": "sha1-uZRSFE6P5KzHf6PZWajHngemUIQ=",
			"requires": {
				"babel-runtime": "6.26.0",
				"create-react-context": "0.2.2",
				"popper.js": "1.14.4",
				"prop-types": "15.6.2",
				"typed-styles": "0.0.5",
				"warning": "3.0.0"
			}
		},
		"react-redux": {
			"version": "5.0.7",
			"resolved": "https://registry.npmjs.org/react-redux/-/react-redux-5.0.7.tgz",
			"integrity": "sha512-5VI8EV5hdgNgyjfmWzBbdrqUkrVRKlyTKk1sGH3jzM2M2Mhj/seQgPXaz6gVAj2lz/nz688AdTqMO18Lr24Zhg==",
			"requires": {
				"hoist-non-react-statics": "2.5.5",
				"invariant": "2.2.4",
				"lodash": "4.17.10",
				"lodash-es": "4.17.10",
				"loose-envify": "1.4.0",
				"prop-types": "15.6.2"
			}
		},
		"react-table": {
			"version": "6.8.6",
			"resolved": "https://registry.npmjs.org/react-table/-/react-table-6.8.6.tgz",
			"integrity": "sha1-oK2LSDkxkFLVvvwBJgP7Fh5S7eM=",
			"requires": {
				"classnames": "2.2.6"
			}
		},
		"react-transition-group": {
			"version": "2.4.0",
			"resolved": "https://registry.npmjs.org/react-transition-group/-/react-transition-group-2.4.0.tgz",
			"integrity": "sha512-Xv5d55NkJUxUzLCImGSanK8Cl/30sgpOEMGc5m86t8+kZwrPxPCPcFqyx83kkr+5Lz5gs6djuvE5By+gce+VjA==",
			"requires": {
				"dom-helpers": "3.3.1",
				"loose-envify": "1.4.0",
				"prop-types": "15.6.2",
				"react-lifecycles-compat": "3.0.4"
			}
		},
		"reactstrap": {
			"version": "6.3.1",
			"resolved": "https://registry.npmjs.org/reactstrap/-/reactstrap-6.3.1.tgz",
			"integrity": "sha512-maPXx5DREMfN1Gudx3R3zMoWgjQX+rGSbmEMOux3cr0lLUx5jDR9c3a1HDRgFcDyNKiGMa+MmLPJeFXUl7lihw==",
			"requires": {
				"classnames": "2.2.6",
				"lodash.isfunction": "3.0.9",
				"lodash.isobject": "3.0.2",
				"lodash.tonumber": "4.0.3",
				"prop-types": "15.6.2",
				"react-lifecycles-compat": "3.0.4",
				"react-popper": "0.10.4",
				"react-transition-group": "2.4.0"
			},
			"dependencies": {
				"react-popper": {
					"version": "0.10.4",
					"resolved": "https://registry.npmjs.org/react-popper/-/react-popper-0.10.4.tgz",
					"integrity": "sha1-rypBXqIike3VBGeNev2opu4ylao=",
					"requires": {
						"popper.js": "1.14.4",
						"prop-types": "15.6.2"
					}
				}
			}
		},
		"reduce-reducers": {
			"version": "0.1.5",
			"resolved": "https://registry.npmjs.org/reduce-reducers/-/reduce-reducers-0.1.5.tgz",
			"integrity": "sha512-uoVmQnZQ+BtKKDKpBdbBri5SLNyIK9ULZGOA504++VbHcwouWE+fJDIo8AuESPF9/EYSkI0v05LDEQK6stCbTA=="
		},
		"redux": {
			"version": "4.0.0",
			"resolved": "https://registry.npmjs.org/redux/-/redux-4.0.0.tgz",
			"integrity": "sha512-NnnHF0h0WVE/hXyrB6OlX67LYRuaf/rJcbWvnHHEPCF/Xa/AZpwhs/20WyqzQae5x4SD2F9nPObgBh2rxAgLiA==",
			"requires": {
				"loose-envify": "1.4.0",
				"symbol-observable": "1.2.0"
			}
		},
		"redux-actions": {
			"version": "2.6.1",
			"resolved": "https://registry.npmjs.org/redux-actions/-/redux-actions-2.6.1.tgz",
			"integrity": "sha1-QsBulHOfvm2zXbNgWrsQW9s3JNg=",
			"requires": {
				"invariant": "2.2.4",
				"lodash.camelcase": "4.3.0",
				"lodash.curry": "4.1.1",
				"reduce-reducers": "0.1.5"
			}
		},
		"redux-thunk": {
			"version": "2.3.0",
			"resolved": "https://registry.npmjs.org/redux-thunk/-/redux-thunk-2.3.0.tgz",
			"integrity": "sha512-km6dclyFnmcvxhAcrQV2AkZmPQjzPDjgVlQtR0EQjxZPyJ0BnMf3in1ryuR8A2qU0HldVRfxYXbFSKlI3N7Slw=="
		},
		"regenerator-runtime": {
			"version": "0.11.1",
			"resolved": "https://registry.npmjs.org/regenerator-runtime/-/regenerator-runtime-0.11.1.tgz",
			"integrity": "sha512-MguG95oij0fC3QV3URf4V2SDYGJhJnJGqvIIgdECeODCT98wSWDAJ94SSuVpYQUoTcGUIL6L4yNB7j1DFFHSBg=="
		},
		"resize-observer-polyfill": {
			"version": "1.5.0",
			"resolved": "https://registry.npmjs.org/resize-observer-polyfill/-/resize-observer-polyfill-1.5.0.tgz",
			"integrity": "sha512-M2AelyJDVR/oLnToJLtuDJRBBWUGUvvGigj1411hXhAdyFWqMaqHp7TixW3FpiLuVaikIcR1QL+zqoJoZlOgpg=="
		},
		"safer-buffer": {
			"version": "2.1.2",
			"resolved": "https://registry.npmjs.org/safer-buffer/-/safer-buffer-2.1.2.tgz",
			"integrity": "sha512-YZo3K82SD7Riyi0E1EQPojLz7kpepnSQI9IyPbHHg1XXXevb5dJI7tpyN2ADxGcQbHG7vcyRHk0cbwqcQriUtg=="
		},
		"selection-is-backward": {
			"version": "1.0.0",
			"resolved": "https://registry.npmjs.org/selection-is-backward/-/selection-is-backward-1.0.0.tgz",
			"integrity": "sha1-l6VGMxiKURq6ZBn8XB+pG0Z+a+E="
		},
		"setimmediate": {
			"version": "1.0.5",
			"resolved": "https://registry.npmjs.org/setimmediate/-/setimmediate-1.0.5.tgz",
			"integrity": "sha1-KQy7Iy4waULX1+qbg3Mqt4VvgoU="
		},
		"slate": {
			"version": "0.40.2",
			"resolved": "https://registry.npmjs.org/slate/-/slate-0.40.2.tgz",
			"integrity": "sha512-STxC+TGQMinfFoRZuT1/cdExkqCKwgYpdDNEK6tAxS8F/A6lYzgH0J3rtWQH1ePPtZSEIPcqsroFWXVUTAZG6w==",
			"requires": {
				"debug": "3.1.0",
				"direction": "0.1.5",
				"esrever": "0.2.0",
				"is-plain-object": "2.0.4",
				"lodash": "4.17.10",
				"slate-dev-warning": "0.0.1",
				"type-of": "2.0.1"
			}
		},
		"slate-dev-warning": {
			"version": "0.0.1",
			"resolved": "https://registry.npmjs.org/slate-dev-warning/-/slate-dev-warning-0.0.1.tgz",
			"integrity": "sha512-QdXa+qmOG46VrTfnzn2gUVzs1WiO3Q+zCv3XomzMNGdgAJjCgHBs3jaeQD845h15loS3OJ181gCNAkB3dby6Hw=="
		},
		"slate-hotkeys": {
			"version": "0.2.3",
			"resolved": "https://registry.npmjs.org/slate-hotkeys/-/slate-hotkeys-0.2.3.tgz",
			"integrity": "sha512-2Ptajlcbc0m+Pt5i/cWp0uKVSjj0VYbKcS+60Dmx5r7HunYhFBi92g3qwQ162uvb6rWenOFVHHYTrf8SiExoZg==",
			"requires": {
				"is-hotkey": "0.1.3",
				"slate-dev-environment": "0.2.0"
			},
			"dependencies": {
				"slate-dev-environment": {
					"version": "0.2.0",
					"resolved": "https://registry.npmjs.org/slate-dev-environment/-/slate-dev-environment-0.2.0.tgz",
					"integrity": "sha512-xxh3ThUSHYDwRUaywRQeOySJFI1kU4mYw9uDUbjk3VTpt0BHCFufHkCU5f22U8HyP7b2nDVFwfyXg1Q0o+Ksag==",
					"requires": {
						"is-in-browser": "1.1.3"
					}
				}
			}
		},
		"slate-html-serializer": {
			"version": "0.7.2",
			"resolved": "https://registry.npmjs.org/slate-html-serializer/-/slate-html-serializer-0.7.2.tgz",
			"integrity": "sha512-UpF3tnEEzdvQKQWvRPqnkKftoBG7efDkNCjaoa7p4yCPav/RstCAm9AwhdINGsKDcYgPt9RXvhpe6r7iu/KQQQ==",
			"requires": {
				"type-of": "2.0.1"
			}
		},
		"slate-react": {
			"version": "0.18.5",
			"resolved": "https://registry.npmjs.org/slate-react/-/slate-react-0.18.5.tgz",
			"integrity": "sha512-xiE5dAxjQPw24snugHirHodjBabwZcnGdGkGJTE8IjVzIwXf0MWaaePl2Jd5KUTJ+GTMQsLpOhjs1kXrPfL/Ow==",
			"requires": {
				"debug": "3.1.0",
				"get-window": "1.1.2",
				"is-window": "1.0.2",
				"lodash": "4.17.10",
				"memoize-one": "4.0.2",
				"prop-types": "15.6.2",
				"react-immutable-proptypes": "2.1.0",
				"selection-is-backward": "1.0.0",
				"slate-base64-serializer": "0.2.63",
				"slate-dev-environment": "0.2.0",
				"slate-dev-warning": "0.0.1",
				"slate-hotkeys": "0.2.3",
				"slate-plain-serializer": "0.6.2",
				"slate-prop-types": "0.4.61"
			},
			"dependencies": {
				"slate-base64-serializer": {
					"version": "0.2.63",
					"resolved": "https://registry.npmjs.org/slate-base64-serializer/-/slate-base64-serializer-0.2.63.tgz",
					"integrity": "sha512-BINB8jeixr37BDHa7YQEgyz1j7M7Ff0MiXGoHqPlbXaFg0cQgorkJSlW9eHrvUcEN2SwKvBhP0IwB41oEm2nxA==",
					"requires": {
						"isomorphic-base64": "1.0.2"
					}
				},
				"slate-dev-environment": {
					"version": "0.2.0",
					"resolved": "https://registry.npmjs.org/slate-dev-environment/-/slate-dev-environment-0.2.0.tgz",
					"integrity": "sha512-xxh3ThUSHYDwRUaywRQeOySJFI1kU4mYw9uDUbjk3VTpt0BHCFufHkCU5f22U8HyP7b2nDVFwfyXg1Q0o+Ksag==",
					"requires": {
						"is-in-browser": "1.1.3"
					}
				},
				"slate-plain-serializer": {
					"version": "0.6.2",
					"resolved": "https://registry.npmjs.org/slate-plain-serializer/-/slate-plain-serializer-0.6.2.tgz",
					"integrity": "sha512-zig2hZE5oTVJ4wM1/RoNBSYkQSNh2cliD4XxSo9X2kxKKtGcWfGMyINdShn5tARtbiUMSFrYLTjmqUsojQvEMA=="
				},
				"slate-prop-types": {
					"version": "0.4.61",
					"resolved": "https://registry.npmjs.org/slate-prop-types/-/slate-prop-types-0.4.61.tgz",
					"integrity": "sha512-qhm4jbhQnVsxnizzXp6Hzb5d6zxFnAoYBnxKmE/tmv9QVkZs9ldur1YIROutTm418/9FpLe6bATrLhqeGHYalw=="
				}
			}
		},
		"symbol-observable": {
			"version": "1.2.0",
			"resolved": "https://registry.npmjs.org/symbol-observable/-/symbol-observable-1.2.0.tgz",
			"integrity": "sha512-e900nM8RRtGhlV36KGEU9k65K3mPb1WV70OdjfxlG2EAuM1noi/E/BaW/uMhL7bPEssK8QV57vN3esixjUvcXQ=="
		},
		"tslib": {
			"version": "1.9.3",
			"resolved": "https://registry.npmjs.org/tslib/-/tslib-1.9.3.tgz",
			"integrity": "sha512-4krF8scpejhaOgqzBEcGM7yDIEfi0/8+8zDRZhNZZ2kjmHJ4hv3zCbQWxoJGz1iw5U0Jl0nma13xzHXcncMavQ=="
		},
		"type-of": {
			"version": "2.0.1",
			"resolved": "https://registry.npmjs.org/type-of/-/type-of-2.0.1.tgz",
			"integrity": "sha1-5yoXQYllaOn2KDeNgW1pEvfyOXI="
		},
		"typed-styles": {
			"version": "0.0.5",
			"resolved": "https://registry.npmjs.org/typed-styles/-/typed-styles-0.0.5.tgz",
			"integrity": "sha512-ht+rEe5UsdEBAa3gr64+QjUOqjOLJfWLvl5HZR5Ev9uo/OnD3p43wPeFSB1hNFc13GXQF/JU1Bn0YHLUqBRIlw=="
		},
		"typescript": {
			"version": "3.0.1",
			"resolved": "https://registry.npmjs.org/typescript/-/typescript-3.0.1.tgz",
			"integrity": "sha512-zQIMOmC+372pC/CCVLqnQ0zSBiY7HHodU7mpQdjiZddek4GMj31I3dUJ7gAs9o65X7mnRma6OokOkc6f9jjfBg=="
		},
		"ua-parser-js": {
			"version": "0.7.18",
			"resolved": "https://registry.npmjs.org/ua-parser-js/-/ua-parser-js-0.7.18.tgz",
			"integrity": "sha512-LtzwHlVHwFGTptfNSgezHp7WUlwiqb0gA9AALRbKaERfxwJoiX0A73QbTToxteIAuIaFshhgIZfqK8s7clqgnA=="
		},
		"warning": {
			"version": "3.0.0",
			"resolved": "https://registry.npmjs.org/warning/-/warning-3.0.0.tgz",
			"integrity": "sha1-MuU3fLVy3kqwR1O9+IIcAe1gW3w=",
			"requires": {
				"loose-envify": "1.4.0"
			}
		},
		"whatwg-fetch": {
			"version": "2.0.4",
			"resolved": "https://registry.npmjs.org/whatwg-fetch/-/whatwg-fetch-2.0.4.tgz",
			"integrity": "sha512-dcQ1GWpOD/eEQ97k66aiEVpNnapVj90/+R+SXTPYGHpYBBypfKJEQjLrvMZ7YXbKm21gXd4NcuxUTjiv1YtLng=="
		}
	}
}
