{
  "name": "@contember/react-client",
  "version": "0.6.3",
  "lockfileVersion": 1,
  "requires": true,
  "dependencies": {
    "@contember/client": {
      "version": "0.5.15",
      "resolved": "https://verdaccio.mgw.cz/@contember%2fclient/-/client-0.5.15.tgz",
      "integrity": "sha512-eNsC7zllz42/hWGsERl8ELuR/o8XCLmQLGINI7LF50pAy+6ga+6nwWcG5aGtd6P15Cj9nyzX1UYGeaFpNA1wbA==",
      "requires": {
        "@contember/schema": "0.8.3"
      }
    },
    "@contember/schema": {
      "version": "0.8.3",
      "resolved": "https://verdaccio.mgw.cz/@contember%2fschema/-/schema-0.8.3.tgz",
      "integrity": "sha512-3MVDP1E7F3ayVHb7hQ1NLb9vd42tfmg0ZVomzSiTdy4oGJW0smcus8AE43kP7xszvZjR3b74WScP0UyXqJVs0Q=="
    },
    "@types/webappsec-credential-management": {
      "version": "0.5.1",
      "resolved": "https://registry.npmjs.org/@types/webappsec-credential-management/-/webappsec-credential-management-0.5.1.tgz",
      "integrity": "sha512-ZIl4fCJm3mo0jzivFnxhA4qYEY/HicVPxLbcqQTZ3JjnhEFJwYAEPEZft7AJo/MVxHU4mFdAauX+jo+a4m1Qkg==",
      "dev": true
    }
  }
}
