{
	"requires": true,
	"lockfileVersion": 1,
	"dependencies": {
		"@sinonjs/commons": {
			"version": "1.4.0",
			"resolved": "https://registry.npmjs.org/@sinonjs/commons/-/commons-1.4.0.tgz",
			"integrity": "sha512-9jHK3YF/8HtJ9wCAbG+j8cD0i0+ATS9A7gXFqS36TblLPNy6rEEc+SB0imo91eCboGaBYGV/MT1/br/J+EE7Tw==",
			"requires": {
				"type-detect": "4.0.8"
			}
		},
		"@sinonjs/formatio": {
			"version": "3.2.1",
			"resolved": "https://registry.npmjs.org/@sinonjs/formatio/-/formatio-3.2.1.tgz",
			"integrity": "sha512-tsHvOB24rvyvV2+zKMmPkZ7dXX6LSLKZ7aOtXY6Edklp0uRcgGpOsQTTGTcWViFyx4uhWc6GV8QdnALbIbIdeQ==",
			"requires": {
				"@sinonjs/commons": "^1",
				"@sinonjs/samsam": "^3.1.0"
			},
			"dependencies": {
				"@sinonjs/samsam": {
					"version": "3.3.2",
					"resolved": "https://registry.npmjs.org/@sinonjs/samsam/-/samsam-3.3.2.tgz",
					"integrity": "sha512-ILO/rR8LfAb60Y1Yfp9vxfYAASK43NFC2mLzpvLUbCQY/Qu8YwReboseu8aheCEkyElZF2L2T9mHcR2bgdvZyA==",
					"requires": {
						"@sinonjs/commons": "^1.0.2",
						"array-from": "^2.1.1",
						"lodash": "^4.17.11"
					}
				}
			}
		},
		"@sinonjs/samsam": {
			"version": "2.1.3",
			"resolved": "https://registry.npmjs.org/@sinonjs/samsam/-/samsam-2.1.3.tgz",
			"integrity": "sha512-8zNeBkSKhU9a5cRNbpCKau2WWPfan+Q2zDlcXvXyhn9EsMqgYs4qzo0XHNVlXC6ABQL8fT6nV+zzo5RTHJzyXw=="
		},
		"@sinonjs/text-encoding": {
			"version": "0.7.1",
			"resolved": "https://registry.npmjs.org/@sinonjs/text-encoding/-/text-encoding-0.7.1.tgz",
			"integrity": "sha512-+iTbntw2IZPb/anVDbypzfQa+ay64MW0Zo8aJ8gZPWMMK6/OubMVb6lUPMagqjOPnmtauXnFCACVl3O7ogjeqQ=="
		},
		"@types/chai": {
			"version": "4.2.0",
			"resolved": "https://registry.npmjs.org/@types/chai/-/chai-4.2.0.tgz",
			"integrity": "sha512-zw8UvoBEImn392tLjxoavuonblX/4Yb9ha4KBU10FirCfwgzhKO0dvyJSF9ByxV1xK1r2AgnAi/tvQaLgxQqxA=="
		},
		"@types/dotenv": {
			"version": "4.0.3",
			"resolved": "https://registry.npmjs.org/@types/dotenv/-/dotenv-4.0.3.tgz",
			"integrity": "sha512-mmhpINC/HcLGQK5ikFJlLXINVvcxhlrV+ZOUJSN7/ottYl+8X4oSXzS9lBtDkmWAl96EGyGyLrNvk9zqdSH8Fw==",
			"requires": {
				"@types/node": "*"
			}
		},
		"@types/mocha": {
			"version": "5.2.7",
			"resolved": "https://registry.npmjs.org/@types/mocha/-/mocha-5.2.7.tgz",
			"integrity": "sha512-NYrtPht0wGzhwe9+/idPaBB+TqkY9AhTvOLMkThm0IoEfLaiVQZwBwyJ5puCkO3AUCWrmcoePjp2mbFocKy4SQ=="
		},
		"@types/node": {
			"version": "12.7.1",
			"resolved": "https://registry.npmjs.org/@types/node/-/node-12.7.1.tgz",
			"integrity": "sha512-aK9jxMypeSrhiYofWWBf/T7O+KwaiAHzM4sveCdWPn71lzUSMimRnKzhXDKfKwV1kWoBo2P1aGgaIYGLf9/ljw=="
		},
		"@types/sinon": {
			"version": "5.0.7",
			"resolved": "https://registry.npmjs.org/@types/sinon/-/sinon-5.0.7.tgz",
			"integrity": "sha512-opwMHufhUwkn/UUDk35LDbKJpA2VBsZT8WLU8NjayvRLGPxQkN+8XmfC2Xl35MAscBE8469koLLBjaI3XLEIww=="
		},
		"array-from": {
			"version": "2.1.1",
			"resolved": "https://registry.npmjs.org/array-from/-/array-from-2.1.1.tgz",
			"integrity": "sha1-z+nYwmYoudxa7MYqn12PHzUsEZU="
		},
		"arrify": {
			"version": "1.0.1",
			"resolved": "https://registry.npmjs.org/arrify/-/arrify-1.0.1.tgz",
			"integrity": "sha1-iYUI2iIm84DfkEcoRWhJwVAaSw0="
		},
		"assertion-error": {
			"version": "1.1.0",
			"resolved": "https://registry.npmjs.org/assertion-error/-/assertion-error-1.1.0.tgz",
			"integrity": "sha512-jgsaNduz+ndvGyFt3uSuWqvy4lCnIJiovtouQN5JZHOKCS2QuhEdbcQHFhVksz2N2U9hXJo8odG7ETyWlEeuDw=="
		},
		"balanced-match": {
			"version": "1.0.0",
			"resolved": "https://registry.npmjs.org/balanced-match/-/balanced-match-1.0.0.tgz",
			"integrity": "sha1-ibTRmasr7kneFk6gK4nORi1xt2c="
		},
		"brace-expansion": {
			"version": "1.1.11",
			"resolved": "https://registry.npmjs.org/brace-expansion/-/brace-expansion-1.1.11.tgz",
			"integrity": "sha512-iCuPHDFgrHX7H2vEI/5xpz07zSHB00TpugqhmYtVmMO6518mCuRMoOYFldEBl0g187ufozdaHgWKcYFb61qGiA==",
			"requires": {
				"balanced-match": "^1.0.0",
				"concat-map": "0.0.1"
			}
		},
		"browser-stdout": {
			"version": "1.3.1",
			"resolved": "https://registry.npmjs.org/browser-stdout/-/browser-stdout-1.3.1.tgz",
			"integrity": "sha512-qhAVI1+Av2X7qelOfAIYwXONood6XlZE/fXaBSmW/T5SzLAmCgzi+eiWE7fUvbHaeNBQH13UftjpXxsfLkMpgw=="
		},
		"buffer-from": {
			"version": "1.1.1",
			"resolved": "https://registry.npmjs.org/buffer-from/-/buffer-from-1.1.1.tgz",
			"integrity": "sha512-MQcXEUbCKtEo7bhqEs6560Hyd4XaovZlO/k9V3hjVUF/zwW7KBVdSK4gIt/bzwS9MbR5qob+F5jusZsb0YQK2A=="
		},
		"chai": {
			"version": "4.2.0",
			"resolved": "https://registry.npmjs.org/chai/-/chai-4.2.0.tgz",
			"integrity": "sha512-XQU3bhBukrOsQCuwZndwGcCVQHyZi53fQ6Ys1Fym7E4olpIqqZZhhoFJoaKVvV17lWQoXYwgWN2nF5crA8J2jw==",
			"requires": {
				"assertion-error": "^1.1.0",
				"check-error": "^1.0.2",
				"deep-eql": "^3.0.1",
				"get-func-name": "^2.0.0",
				"pathval": "^1.1.0",
				"type-detect": "^4.0.5"
			}
		},
		"check-error": {
			"version": "1.0.2",
			"resolved": "https://registry.npmjs.org/check-error/-/check-error-1.0.2.tgz",
			"integrity": "sha1-V00xLt2Iu13YkS6Sht1sCu1KrII="
		},
		"commander": {
			"version": "2.15.1",
			"resolved": "https://registry.npmjs.org/commander/-/commander-2.15.1.tgz",
			"integrity": "sha512-VlfT9F3V0v+jr4yxPc5gg9s62/fIVWsd2Bk2iD435um1NlGMYdVCq+MjcXnhYq2icNOizHr1kK+5TI6H0Hy0ag=="
		},
		"concat-map": {
			"version": "0.0.1",
			"resolved": "https://registry.npmjs.org/concat-map/-/concat-map-0.0.1.tgz",
			"integrity": "sha1-2Klr13/Wjfd5OnMDajug1UBdR3s="
		},
		"cross-fetch": {
			"version": "2.2.2",
			"resolved": "https://registry.npmjs.org/cross-fetch/-/cross-fetch-2.2.2.tgz",
			"integrity": "sha1-pH/09/xxLauo9qaVoRyUhEDUVyM=",
			"requires": {
				"node-fetch": "2.1.2",
				"whatwg-fetch": "2.0.4"
			}
		},
		"debug": {
			"version": "3.1.0",
			"resolved": "https://registry.npmjs.org/debug/-/debug-3.1.0.tgz",
			"integrity": "sha512-OX8XqP7/1a9cqkxYw2yXss15f26NKWBpDXQd0/uK/KPqdQhxbPa994hnzjcE2VqQpDslf55723cKPUOGSmMY3g==",
			"requires": {
				"ms": "2.0.0"
			}
		},
		"deep-eql": {
			"version": "3.0.1",
			"resolved": "https://registry.npmjs.org/deep-eql/-/deep-eql-3.0.1.tgz",
			"integrity": "sha512-+QeIQyN5ZuO+3Uk5DYh6/1eKO0m0YmJFGNmFHGACpf1ClL1nmlV/p4gNgbl2pJGxgXb4faqo6UE+M5ACEMyVcw==",
			"requires": {
				"type-detect": "^4.0.0"
			}
		},
		"diff": {
			"version": "3.5.0",
			"resolved": "https://registry.npmjs.org/diff/-/diff-3.5.0.tgz",
			"integrity": "sha512-A46qtFgd+g7pDZinpnwiRJtxbC1hpgf0uzP3iG89scHk0AUC7A1TGxf5OiiOUv/JMZR8GOt8hL900hV0bOy5xA=="
		},
		"dotenv": {
			"version": "6.2.0",
			"resolved": "https://registry.npmjs.org/dotenv/-/dotenv-6.2.0.tgz",
			"integrity": "sha512-HygQCKUBSFl8wKQZBSemMywRWcEDNidvNbjGVyZu3nbZ8qq9ubiPoGLMdRDpfSrpkkm9BXYFkpKxxFX38o/76w=="
		},
		"escape-string-regexp": {
			"version": "1.0.5",
			"resolved": "https://registry.npmjs.org/escape-string-regexp/-/escape-string-regexp-1.0.5.tgz",
			"integrity": "sha1-G2HAViGQqN/2rjuyzwIAyhMLhtQ="
		},
		"fs.realpath": {
			"version": "1.0.0",
			"resolved": "https://registry.npmjs.org/fs.realpath/-/fs.realpath-1.0.0.tgz",
			"integrity": "sha1-FQStJSMVjKpA20onh8sBQRmU6k8="
		},
		"get-func-name": {
			"version": "2.0.0",
			"resolved": "https://registry.npmjs.org/get-func-name/-/get-func-name-2.0.0.tgz",
			"integrity": "sha1-6td0q+5y4gQJQzoGY2YCPdaIekE="
		},
		"glob": {
			"version": "7.1.2",
			"resolved": "https://registry.npmjs.org/glob/-/glob-7.1.2.tgz",
			"integrity": "sha512-MJTUg1kjuLeQCJ+ccE4Vpa6kKVXkPYJ2mOCQyUuKLcLQsdrMCpBPUi8qVE6+YuaJkozeA9NusTAw3hLr8Xe5EQ==",
			"requires": {
				"fs.realpath": "^1.0.0",
				"inflight": "^1.0.4",
				"inherits": "2",
				"minimatch": "^3.0.4",
				"once": "^1.3.0",
				"path-is-absolute": "^1.0.0"
			}
		},
		"graphql-request": {
			"version": "1.8.2",
			"resolved": "https://registry.npmjs.org/graphql-request/-/graphql-request-1.8.2.tgz",
			"integrity": "sha512-dDX2M+VMsxXFCmUX0Vo0TopIZIX4ggzOtiCsThgtrKR4niiaagsGTDIHj3fsOMFETpa064vzovI+4YV4QnMbcg==",
			"requires": {
				"cross-fetch": "2.2.2"
			}
		},
		"growl": {
			"version": "1.10.5",
			"resolved": "https://registry.npmjs.org/growl/-/growl-1.10.5.tgz",
			"integrity": "sha512-qBr4OuELkhPenW6goKVXiv47US3clb3/IbuWF9KNKEijAy9oeHxU9IgzjvJhHkUzhaj7rOUD7+YGWqUjLp5oSA=="
		},
		"has-flag": {
			"version": "3.0.0",
			"resolved": "https://registry.npmjs.org/has-flag/-/has-flag-3.0.0.tgz",
			"integrity": "sha1-tdRU3CGZriJWmfNGfloH87lVuv0="
		},
		"he": {
			"version": "1.1.1",
			"resolved": "https://registry.npmjs.org/he/-/he-1.1.1.tgz",
			"integrity": "sha1-k0EP0hsAlzUVH4howvJx80J+I/0="
		},
		"inflight": {
			"version": "1.0.6",
			"resolved": "https://registry.npmjs.org/inflight/-/inflight-1.0.6.tgz",
			"integrity": "sha1-Sb1jMdfQLQwJvJEKEHW6gWW1bfk=",
			"requires": {
				"once": "^1.3.0",
				"wrappy": "1"
			}
		},
		"inherits": {
			"version": "2.0.4",
			"resolved": "https://registry.npmjs.org/inherits/-/inherits-2.0.4.tgz",
			"integrity": "sha512-k/vGaX4/Yla3WzyMCvTQOXYeIHvqOKtnqBduzTHpzpQZzAskKMhZ2K+EnBiSM9zGSoIFeMpXKxa4dYeZIQqewQ=="
		},
		"isarray": {
			"version": "0.0.1",
			"resolved": "https://registry.npmjs.org/isarray/-/isarray-0.0.1.tgz",
			"integrity": "sha1-ihis/Kmo9Bd+Cav8YDiTmwXR7t8="
		},
		"just-extend": {
			"version": "4.0.2",
			"resolved": "https://registry.npmjs.org/just-extend/-/just-extend-4.0.2.tgz",
			"integrity": "sha512-FrLwOgm+iXrPV+5zDU6Jqu4gCRXbWEQg2O3SKONsWE4w7AXFRkryS53bpWdaL9cNol+AmR3AEYz6kn+o0fCPnw=="
		},
		"lodash": {
			"version": "4.17.15",
			"resolved": "https://registry.npmjs.org/lodash/-/lodash-4.17.15.tgz",
			"integrity": "sha512-8xOcRHvCjnocdS5cpwXQXVzmmh5e5+saE2QGoeQmbKmRS6J3VQppPOIt0MnmE+4xlZoumy0GPG0D0MVIQbNA1A=="
		},
		"lodash.get": {
			"version": "4.4.2",
			"resolved": "https://registry.npmjs.org/lodash.get/-/lodash.get-4.4.2.tgz",
			"integrity": "sha1-LRd/ZS+jHpObRDjVNBSZ36OCXpk="
		},
		"lolex": {
			"version": "2.7.5",
			"resolved": "https://registry.npmjs.org/lolex/-/lolex-2.7.5.tgz",
			"integrity": "sha512-l9x0+1offnKKIzYVjyXU2SiwhXDLekRzKyhnbyldPHvC7BvLPVpdNUNR2KeMAiCN2D/kLNttZgQD5WjSxuBx3Q=="
		},
		"make-error": {
			"version": "1.3.5",
			"resolved": "https://registry.npmjs.org/make-error/-/make-error-1.3.5.tgz",
			"integrity": "sha512-c3sIjNUow0+8swNwVpqoH4YCShKNFkMaw6oH1mNS2haDZQqkeZFlHS3dhoeEbKKmJB4vXpJucU6oH75aDYeE9g=="
		},
		"minimatch": {
			"version": "3.0.4",
			"resolved": "https://registry.npmjs.org/minimatch/-/minimatch-3.0.4.tgz",
			"integrity": "sha512-yJHVQEhyqPLUTgt9B83PXu6W3rx4MvvHvSUvToogpwoGDOUQ+yDrR0HRot+yOCdCO7u4hX3pWft6kWBBcqh0UA==",
			"requires": {
				"brace-expansion": "^1.1.7"
			}
		},
		"minimist": {
			"version": "0.0.8",
			"resolved": "https://registry.npmjs.org/minimist/-/minimist-0.0.8.tgz",
			"integrity": "sha1-hX/Kv8M5fSYluCKCYuhqp6ARsF0="
		},
		"mkdirp": {
			"version": "0.5.1",
			"resolved": "https://registry.npmjs.org/mkdirp/-/mkdirp-0.5.1.tgz",
			"integrity": "sha1-MAV0OOrGz3+MR2fzhkjWaX11yQM=",
			"requires": {
				"minimist": "0.0.8"
			}
		},
		"mocha": {
			"version": "5.2.0",
			"resolved": "https://registry.npmjs.org/mocha/-/mocha-5.2.0.tgz",
			"integrity": "sha512-2IUgKDhc3J7Uug+FxMXuqIyYzH7gJjXECKe/w43IGgQHTSj3InJi+yAA7T24L9bQMRKiUEHxEX37G5JpVUGLcQ==",
			"requires": {
				"browser-stdout": "1.3.1",
				"commander": "2.15.1",
				"debug": "3.1.0",
				"diff": "3.5.0",
				"escape-string-regexp": "1.0.5",
				"glob": "7.1.2",
				"growl": "1.10.5",
				"he": "1.1.1",
				"minimatch": "3.0.4",
				"mkdirp": "0.5.1",
				"supports-color": "5.4.0"
			}
		},
		"ms": {
			"version": "2.0.0",
			"resolved": "https://registry.npmjs.org/ms/-/ms-2.0.0.tgz",
			"integrity": "sha1-VgiurfwAvmwpAd9fmGF4jeDVl8g="
		},
		"nise": {
			"version": "1.5.1",
			"resolved": "https://registry.npmjs.org/nise/-/nise-1.5.1.tgz",
			"integrity": "sha512-edFWm0fsFG2n318rfEnKlTZTkjlbVOFF9XIA+fj+Ed+Qz1laYW2lobwavWoMzGrYDHH1EpiNJgDfvGnkZztR/g==",
			"requires": {
				"@sinonjs/formatio": "^3.2.1",
				"@sinonjs/text-encoding": "^0.7.1",
				"just-extend": "^4.0.2",
				"lolex": "^4.1.0",
				"path-to-regexp": "^1.7.0"
			},
			"dependencies": {
				"lolex": {
					"version": "4.2.0",
					"resolved": "https://registry.npmjs.org/lolex/-/lolex-4.2.0.tgz",
					"integrity": "sha512-gKO5uExCXvSm6zbF562EvM+rd1kQDnB9AZBbiQVzf1ZmdDpxUSvpnAaVOP83N/31mRK8Ml8/VE8DMvsAZQ+7wg=="
				}
			}
		},
		"node-fetch": {
			"version": "2.1.2",
			"resolved": "https://registry.npmjs.org/node-fetch/-/node-fetch-2.1.2.tgz",
			"integrity": "sha1-q4hOjn5X44qUR1POxwb3iNF2i7U="
		},
		"once": {
			"version": "1.4.0",
			"resolved": "https://registry.npmjs.org/once/-/once-1.4.0.tgz",
			"integrity": "sha1-WDsap3WWHUsROsF9nFC6753Xa9E=",
			"requires": {
				"wrappy": "1"
			}
		},
		"path-is-absolute": {
			"version": "1.0.1",
			"resolved": "https://registry.npmjs.org/path-is-absolute/-/path-is-absolute-1.0.1.tgz",
			"integrity": "sha1-F0uSaHNVNP+8es5r9TpanhtcX18="
		},
		"path-to-regexp": {
			"version": "1.7.0",
			"resolved": "https://registry.npmjs.org/path-to-regexp/-/path-to-regexp-1.7.0.tgz",
			"integrity": "sha1-Wf3g9DW62suhA6hOnTvGTpa5k30=",
			"requires": {
				"isarray": "0.0.1"
			}
		},
		"pathval": {
			"version": "1.1.0",
			"resolved": "https://registry.npmjs.org/pathval/-/pathval-1.1.0.tgz",
			"integrity": "sha1-uULm1L3mUwBe9rcTYd74cn0GReA="
		},
		"sinon": {
			"version": "6.3.5",
			"resolved": "https://registry.npmjs.org/sinon/-/sinon-6.3.5.tgz",
			"integrity": "sha512-xgoZ2gKjyVRcF08RrIQc+srnSyY1JDJtxu3Nsz07j1ffjgXoY6uPLf/qja6nDBZgzYYEovVkFryw2+KiZz11xQ==",
			"requires": {
				"@sinonjs/commons": "^1.0.2",
				"@sinonjs/formatio": "^3.0.0",
				"@sinonjs/samsam": "^2.1.2",
				"diff": "^3.5.0",
				"lodash.get": "^4.4.2",
				"lolex": "^2.7.5",
				"nise": "^1.4.5",
				"supports-color": "^5.5.0",
				"type-detect": "^4.0.8"
			},
			"dependencies": {
				"supports-color": {
					"version": "5.5.0",
					"resolved": "https://registry.npmjs.org/supports-color/-/supports-color-5.5.0.tgz",
					"integrity": "sha512-QjVjwdXIt408MIiAqCX4oUKsgU2EqAGzs2Ppkm4aQYbjm+ZEWEcW4SfFNTr4uMNZma0ey4f5lgLrkB0aX0QMow==",
					"requires": {
						"has-flag": "^3.0.0"
					}
				}
			}
		},
		"source-map": {
			"version": "0.6.1",
			"resolved": "https://registry.npmjs.org/source-map/-/source-map-0.6.1.tgz",
			"integrity": "sha512-UjgapumWlbMhkBgzT7Ykc5YXUT46F0iKu8SGXq0bcwP5dz/h0Plj6enJqjz1Zbq2l5WaqYnrVbwWOWMyF3F47g=="
		},
		"source-map-support": {
			"version": "0.5.13",
			"resolved": "https://registry.npmjs.org/source-map-support/-/source-map-support-0.5.13.tgz",
			"integrity": "sha512-SHSKFHadjVA5oR4PPqhtAVdcBWwRYVd6g6cAXnIbRiIwc2EhPrTuKUBdSLvlEKyIP3GCf89fltvcZiP9MMFA1w==",
			"requires": {
				"buffer-from": "^1.0.0",
				"source-map": "^0.6.0"
			}
		},
		"supports-color": {
			"version": "5.4.0",
			"resolved": "https://registry.npmjs.org/supports-color/-/supports-color-5.4.0.tgz",
			"integrity": "sha512-zjaXglF5nnWpsq470jSv6P9DwPvgLkuapYmfDm3JWOm0vkNTVF2tI4UrN2r6jH1qM/uc/WtxYY1hYoA2dOKj5w==",
			"requires": {
				"has-flag": "^3.0.0"
			}
		},
		"ts-node": {
			"version": "7.0.1",
			"resolved": "https://registry.npmjs.org/ts-node/-/ts-node-7.0.1.tgz",
			"integrity": "sha512-BVwVbPJRspzNh2yfslyT1PSbl5uIk03EZlb493RKHN4qej/D06n1cEhjlOJG69oFsE7OT8XjpTUcYf6pKTLMhw==",
			"requires": {
				"arrify": "^1.0.0",
				"buffer-from": "^1.1.0",
				"diff": "^3.1.0",
				"make-error": "^1.1.1",
				"minimist": "^1.2.0",
				"mkdirp": "^0.5.1",
				"source-map-support": "^0.5.6",
				"yn": "^2.0.0"
			},
			"dependencies": {
				"minimist": {
					"version": "1.2.0",
					"resolved": "https://registry.npmjs.org/minimist/-/minimist-1.2.0.tgz",
					"integrity": "sha1-o1AIsg9BOD7sH7kU9M1d95omQoQ="
				}
			}
		},
		"type-detect": {
			"version": "4.0.8",
			"resolved": "https://registry.npmjs.org/type-detect/-/type-detect-4.0.8.tgz",
			"integrity": "sha512-0fr/mIH1dlO+x7TlcMy+bIDqKPsw/70tVyeHW787goQjhmqaZe10uwLujubK9q9Lg6Fiho1KUKDYz0Z7k7g5/g=="
		},
		"typescript": {
			"version": "3.5.3",
			"resolved": "https://registry.npmjs.org/typescript/-/typescript-3.5.3.tgz",
			"integrity": "sha512-ACzBtm/PhXBDId6a6sDJfroT2pOWt/oOnk4/dElG5G33ZL776N3Y6/6bKZJBFpd+b05F3Ct9qDjMeJmRWtE2/g=="
		},
		"whatwg-fetch": {
			"version": "2.0.4",
			"resolved": "https://registry.npmjs.org/whatwg-fetch/-/whatwg-fetch-2.0.4.tgz",
			"integrity": "sha512-dcQ1GWpOD/eEQ97k66aiEVpNnapVj90/+R+SXTPYGHpYBBypfKJEQjLrvMZ7YXbKm21gXd4NcuxUTjiv1YtLng=="
		},
		"wrappy": {
			"version": "1.0.2",
			"resolved": "https://registry.npmjs.org/wrappy/-/wrappy-1.0.2.tgz",
			"integrity": "sha1-tSQ9jz7BqjXxNkYFvA0QNuMKtp8="
		},
		"yn": {
			"version": "2.0.0",
			"resolved": "https://registry.npmjs.org/yn/-/yn-2.0.0.tgz",
			"integrity": "sha1-5a2ryKz0CPY4X8dklWhMiOavaJo="
		}
	}
}
